// !$*UTF8*$!
{
	archiveVersion = 1;
	classes = {
	};
	objectVersion = 46;
	objects = {

/* Begin PBXBuildFile section */
		81D28BC01F90440B006E2E73 /* main.m in Sources */ = {isa = PBXBuildFile; fileRef = 81D28BBF1F90440B006E2E73 /* main.m */; };
		81D28BC31F90440B006E2E73 /* AppDelegate.m in Sources */ = {isa = PBXBuildFile; fileRef = 81D28BC21F90440B006E2E73 /* AppDelegate.m */; };
		81D28BC61F90440B006E2E73 /* ViewController.m in Sources */ = {isa = PBXBuildFile; fileRef = 81D28BC51F90440B006E2E73 /* ViewController.m */; };
		81D28BC91F90440B006E2E73 /* Main.storyboard in Resources */ = {isa = PBXBuildFile; fileRef = 81D28BC71F90440B006E2E73 /* Main.storyboard */; };
		81D28BCB1F90440B006E2E73 /* Assets.xcassets in Resources */ = {isa = PBXBuildFile; fileRef = 81D28BCA1F90440B006E2E73 /* Assets.xcassets */; };
		81D28BCE1F90440B006E2E73 /* LaunchScreen.storyboard in Resources */ = {isa = PBXBuildFile; fileRef = 81D28BCC1F90440B006E2E73 /* LaunchScreen.storyboard */; };
		81D28BD91F90440B006E2E73 /* ____demoTests.m in Sources */ = {isa = PBXBuildFile; fileRef = 81D28BD81F90440B006E2E73 /* ____demoTests.m */; };
		81D28BE41F90440B006E2E73 /* ____demoUITests.m in Sources */ = {isa = PBXBuildFile; fileRef = 81D28BE31F90440B006E2E73 /* ____demoUITests.m */; };
		81D28BF61F909FAA006E2E73 /* MyUtil.m in Sources */ = {isa = PBXBuildFile; fileRef = 81D28BF51F909FAA006E2E73 /* MyUtil.m */; };
		81D28BFC1F90B988006E2E73 /* DataVerify.m in Sources */ = {isa = PBXBuildFile; fileRef = 81D28BFB1F90B988006E2E73 /* DataVerify.m */; };
/* End PBXBuildFile section */

/* Begin PBXContainerItemProxy section */
		81D28BD51F90440B006E2E73 /* PBXContainerItemProxy */ = {
			isa = PBXContainerItemProxy;
			containerPortal = 81D28BB31F90440B006E2E73 /* Project object */;
			proxyType = 1;
			remoteGlobalIDString = 81D28BBA1F90440B006E2E73;
			remoteInfo = "快捷支付demo";
		};
		81D28BE01F90440B006E2E73 /* PBXContainerItemProxy */ = {
			isa = PBXContainerItemProxy;
			containerPortal = 81D28BB31F90440B006E2E73 /* Project object */;
			proxyType = 1;
			remoteGlobalIDString = 81D28BBA1F90440B006E2E73;
			remoteInfo = "快捷支付demo";
		};
/* End PBXContainerItemProxy section */

/* Begin PBXFileReference section */
		81D28BBB1F90440B006E2E73 /* 快捷支付demo.app */ = {isa = PBXFileReference; explicitFileType = wrapper.application; includeInIndex = 0; path = "快捷支付demo.app"; sourceTree = BUILT_PRODUCTS_DIR; };
		81D28BBF1F90440B006E2E73 /* main.m */ = {isa = PBXFileReference; lastKnownFileType = sourcecode.c.objc; path = main.m; sourceTree = "<group>"; };
		81D28BC11F90440B006E2E73 /* AppDelegate.h */ = {isa = PBXFileReference; lastKnownFileType = sourcecode.c.h; path = AppDelegate.h; sourceTree = "<group>"; };
		81D28BC21F90440B006E2E73 /* AppDelegate.m */ = {isa = PBXFileReference; lastKnownFileType = sourcecode.c.objc; path = AppDelegate.m; sourceTree = "<group>"; };
		81D28BC41F90440B006E2E73 /* ViewController.h */ = {isa = PBXFileReference; lastKnownFileType = sourcecode.c.h; path = ViewController.h; sourceTree = "<group>"; };
		81D28BC51F90440B006E2E73 /* ViewController.m */ = {isa = PBXFileReference; lastKnownFileType = sourcecode.c.objc; path = ViewController.m; sourceTree = "<group>"; };
		81D28BC81F90440B006E2E73 /* Base */ = {isa = PBXFileReference; lastKnownFileType = file.storyboard; name = Base; path = Base.lproj/Main.storyboard; sourceTree = "<group>"; };
		81D28BCA1F90440B006E2E73 /* Assets.xcassets */ = {isa = PBXFileReference; lastKnownFileType = folder.assetcatalog; path = Assets.xcassets; sourceTree = "<group>"; };
		81D28BCD1F90440B006E2E73 /* Base */ = {isa = PBXFileReference; lastKnownFileType = file.storyboard; name = Base; path = Base.lproj/LaunchScreen.storyboard; sourceTree = "<group>"; };
		81D28BCF1F90440B006E2E73 /* Info.plist */ = {isa = PBXFileReference; lastKnownFileType = text.plist.xml; path = Info.plist; sourceTree = "<group>"; };
		81D28BD41F90440B006E2E73 /* 快捷支付demoTests.xctest */ = {isa = PBXFileReference; explicitFileType = wrapper.cfbundle; includeInIndex = 0; path = "快捷支付demoTests.xctest"; sourceTree = BUILT_PRODUCTS_DIR; };
		81D28BD81F90440B006E2E73 /* ____demoTests.m */ = {isa = PBXFileReference; lastKnownFileType = sourcecode.c.objc; path = "____demoTests.m"; sourceTree = "<group>"; };
		81D28BDA1F90440B006E2E73 /* Info.plist */ = {isa = PBXFileReference; lastKnownFileType = text.plist.xml; path = Info.plist; sourceTree = "<group>"; };
		81D28BDF1F90440B006E2E73 /* 快捷支付demoUITests.xctest */ = {isa = PBXFileReference; explicitFileType = wrapper.cfbundle; includeInIndex = 0; path = "快捷支付demoUITests.xctest"; sourceTree = BUILT_PRODUCTS_DIR; };
		81D28BE31F90440B006E2E73 /* ____demoUITests.m */ = {isa = PBXFileReference; lastKnownFileType = sourcecode.c.objc; path = "____demoUITests.m"; sourceTree = "<group>"; };
		81D28BE51F90440B006E2E73 /* Info.plist */ = {isa = PBXFileReference; lastKnownFileType = text.plist.xml; path = Info.plist; sourceTree = "<group>"; };
		81D28BF41F909FAA006E2E73 /* MyUtil.h */ = {isa = PBXFileReference; fileEncoding = 4; lastKnownFileType = sourcecode.c.h; path = MyUtil.h; sourceTree = "<group>"; };
		81D28BF51F909FAA006E2E73 /* MyUtil.m */ = {isa = PBXFileReference; fileEncoding = 4; lastKnownFileType = sourcecode.c.objc; path = MyUtil.m; sourceTree = "<group>"; };
		81D28BFA1F90B988006E2E73 /* DataVerify.h */ = {isa = PBXFileReference; fileEncoding = 4; lastKnownFileType = sourcecode.c.h; path = DataVerify.h; sourceTree = "<group>"; };
		81D28BFB1F90B988006E2E73 /* DataVerify.m */ = {isa = PBXFileReference; fileEncoding = 4; lastKnownFileType = sourcecode.c.objc; path = DataVerify.m; sourceTree = "<group>"; };
/* End PBXFileReference section */

/* Begin PBXFrameworksBuildPhase section */
		81D28BB81F90440B006E2E73 /* Frameworks */ = {
			isa = PBXFrameworksBuildPhase;
			buildActionMask = 2147483647;
			files = (
			);
			runOnlyForDeploymentPostprocessing = 0;
		};
		81D28BD11F90440B006E2E73 /* Frameworks */ = {
			isa = PBXFrameworksBuildPhase;
			buildActionMask = 2147483647;
			files = (
			);
			runOnlyForDeploymentPostprocessing = 0;
		};
		81D28BDC1F90440B006E2E73 /* Frameworks */ = {
			isa = PBXFrameworksBuildPhase;
			buildActionMask = 2147483647;
			files = (
			);
			runOnlyForDeploymentPostprocessing = 0;
		};
/* End PBXFrameworksBuildPhase section */

/* Begin PBXGroup section */
		81D28BB21F90440B006E2E73 = {
			isa = PBXGroup;
			children = (
				81D28BBD1F90440B006E2E73 /* 快捷支付demo */,
				81D28BD71F90440B006E2E73 /* 快捷支付demoTests */,
				81D28BE21F90440B006E2E73 /* 快捷支付demoUITests */,
				81D28BBC1F90440B006E2E73 /* Products */,
			);
			sourceTree = "<group>";
		};
		81D28BBC1F90440B006E2E73 /* Products */ = {
			isa = PBXGroup;
			children = (
				81D28BBB1F90440B006E2E73 /* 快捷支付demo.app */,
				81D28BD41F90440B006E2E73 /* 快捷支付demoTests.xctest */,
				81D28BDF1F90440B006E2E73 /* 快捷支付demoUITests.xctest */,
			);
			name = Products;
			sourceTree = "<group>";
		};
		81D28BBD1F90440B006E2E73 /* 快捷支付demo */ = {
			isa = PBXGroup;
			children = (
				81D28BC11F90440B006E2E73 /* AppDelegate.h */,
				81D28BC21F90440B006E2E73 /* AppDelegate.m */,
				81D28BC41F90440B006E2E73 /* ViewController.h */,
				81D28BC51F90440B006E2E73 /* ViewController.m */,
				81D28BF41F909FAA006E2E73 /* MyUtil.h */,
				81D28BF51F909FAA006E2E73 /* MyUtil.m */,
				81D28BFA1F90B988006E2E73 /* DataVerify.h */,
				81D28BFB1F90B988006E2E73 /* DataVerify.m */,
				81D28BC71F90440B006E2E73 /* Main.storyboard */,
				81D28BCA1F90440B006E2E73 /* Assets.xcassets */,
				81D28BCC1F90440B006E2E73 /* LaunchScreen.storyboard */,
				81D28BCF1F90440B006E2E73 /* Info.plist */,
				81D28BBE1F90440B006E2E73 /* Supporting Files */,
			);
			path = "快捷支付demo";
			sourceTree = "<group>";
		};
		81D28BBE1F90440B006E2E73 /* Supporting Files */ = {
			isa = PBXGroup;
			children = (
				81D28BBF1F90440B006E2E73 /* main.m */,
			);
			name = "Supporting Files";
			sourceTree = "<group>";
		};
		81D28BD71F90440B006E2E73 /* 快捷支付demoTests */ = {
			isa = PBXGroup;
			children = (
				81D28BD81F90440B006E2E73 /* ____demoTests.m */,
				81D28BDA1F90440B006E2E73 /* Info.plist */,
			);
			path = "快捷支付demoTests";
			sourceTree = "<group>";
		};
		81D28BE21F90440B006E2E73 /* 快捷支付demoUITests */ = {
			isa = PBXGroup;
			children = (
				81D28BE31F90440B006E2E73 /* ____demoUITests.m */,
				81D28BE51F90440B006E2E73 /* Info.plist */,
			);
			path = "快捷支付demoUITests";
			sourceTree = "<group>";
		};
/* End PBXGroup section */

/* Begin PBXNativeTarget section */
		81D28BBA1F90440B006E2E73 /* 快捷支付demo */ = {
			isa = PBXNativeTarget;
			buildConfigurationList = 81D28BE81F90440B006E2E73 /* Build configuration list for PBXNativeTarget "快捷支付demo" */;
			buildPhases = (
				81D28BB71F90440B006E2E73 /* Sources */,
				81D28BB81F90440B006E2E73 /* Frameworks */,
				81D28BB91F90440B006E2E73 /* Resources */,
			);
			buildRules = (
			);
			dependencies = (
			);
			name = "快捷支付demo";
			productName = "快捷支付demo";
			productReference = 81D28BBB1F90440B006E2E73 /* 快捷支付demo.app */;
			productType = "com.apple.product-type.application";
		};
		81D28BD31F90440B006E2E73 /* 快捷支付demoTests */ = {
			isa = PBXNativeTarget;
			buildConfigurationList = 81D28BEB1F90440B006E2E73 /* Build configuration list for PBXNativeTarget "快捷支付demoTests" */;
			buildPhases = (
				81D28BD01F90440B006E2E73 /* Sources */,
				81D28BD11F90440B006E2E73 /* Frameworks */,
				81D28BD21F90440B006E2E73 /* Resources */,
			);
			buildRules = (
			);
			dependencies = (
				81D28BD61F90440B006E2E73 /* PBXTargetDependency */,
			);
			name = "快捷支付demoTests";
			productName = "快捷支付demoTests";
			productReference = 81D28BD41F90440B006E2E73 /* 快捷支付demoTests.xctest */;
			productType = "com.apple.product-type.bundle.unit-test";
		};
		81D28BDE1F90440B006E2E73 /* 快捷支付demoUITests */ = {
			isa = PBXNativeTarget;
			buildConfigurationList = 81D28BEE1F90440B006E2E73 /* Build configuration list for PBXNativeTarget "快捷支付demoUITests" */;
			buildPhases = (
				81D28BDB1F90440B006E2E73 /* Sources */,
				81D28BDC1F90440B006E2E73 /* Frameworks */,
				81D28BDD1F90440B006E2E73 /* Resources */,
			);
			buildRules = (
			);
			dependencies = (
				81D28BE11F90440B006E2E73 /* PBXTargetDependency */,
			);
			name = "快捷支付demoUITests";
			productName = "快捷支付demoUITests";
			productReference = 81D28BDF1F90440B006E2E73 /* 快捷支付demoUITests.xctest */;
			productType = "com.apple.product-type.bundle.ui-testing";
		};
/* End PBXNativeTarget section */

/* Begin PBXProject section */
		81D28BB31F90440B006E2E73 /* Project object */ = {
			isa = PBXProject;
			attributes = {
				LastUpgradeCheck = 0830;
				ORGANIZATIONNAME = "CK GuoZi";
				TargetAttributes = {
					81D28BBA1F90440B006E2E73 = {
						CreatedOnToolsVersion = 8.3.3;
						DevelopmentTeam = 3RN55RZ4VG;
						ProvisioningStyle = Automatic;
					};
					81D28BD31F90440B006E2E73 = {
						CreatedOnToolsVersion = 8.3.3;
						DevelopmentTeam = 3RN55RZ4VG;
						ProvisioningStyle = Automatic;
						TestTargetID = 81D28BBA1F90440B006E2E73;
					};
					81D28BDE1F90440B006E2E73 = {
						CreatedOnToolsVersion = 8.3.3;
						DevelopmentTeam = 3RN55RZ4VG;
						ProvisioningStyle = Automatic;
						TestTargetID = 81D28BBA1F90440B006E2E73;
					};
				};
			};
			buildConfigurationList = 81D28BB61F90440B006E2E73 /* Build configuration list for PBXProject "快捷支付demo" */;
			compatibilityVersion = "Xcode 3.2";
			developmentRegion = English;
			hasScannedForEncodings = 0;
			knownRegions = (
				en,
				Base,
			);
			mainGroup = 81D28BB21F90440B006E2E73;
			productRefGroup = 81D28BBC1F90440B006E2E73 /* Products */;
			projectDirPath = "";
			projectRoot = "";
			targets = (
				81D28BBA1F90440B006E2E73 /* 快捷支付demo */,
				81D28BD31F90440B006E2E73 /* 快捷支付demoTests */,
				81D28BDE1F90440B006E2E73 /* 快捷支付demoUITests */,
			);
		};
/* End PBXProject section */

/* Begin PBXResourcesBuildPhase section */
		81D28BB91F90440B006E2E73 /* Resources */ = {
			isa = PBXResourcesBuildPhase;
			buildActionMask = 2147483647;
			files = (
				81D28BCE1F90440B006E2E73 /* LaunchScreen.storyboard in Resources */,
				81D28BCB1F90440B006E2E73 /* Assets.xcassets in Resources */,
				81D28BC91F90440B006E2E73 /* Main.storyboard in Resources */,
			);
			runOnlyForDeploymentPostprocessing = 0;
		};
		81D28BD21F90440B006E2E73 /* Resources */ = {
			isa = PBXResourcesBuildPhase;
			buildActionMask = 2147483647;
			files = (
			);
			runOnlyForDeploymentPostprocessing = 0;
		};
		81D28BDD1F90440B006E2E73 /* Resources */ = {
			isa = PBXResourcesBuildPhase;
			buildActionMask = 2147483647;
			files = (
			);
			runOnlyForDeploymentPostprocessing = 0;
		};
/* End PBXResourcesBuildPhase section */

/* Begin PBXSourcesBuildPhase section */
		81D28BB71F90440B006E2E73 /* Sources */ = {
			isa = PBXSourcesBuildPhase;
			buildActionMask = 2147483647;
			files = (
				81D28BC61F90440B006E2E73 /* ViewController.m in Sources */,
				81D28BC31F90440B006E2E73 /* AppDelegate.m in Sources */,
				81D28BC01F90440B006E2E73 /* main.m in Sources */,
				81D28BF61F909FAA006E2E73 /* MyUtil.m in Sources */,
				81D28BFC1F90B988006E2E73 /* DataVerify.m in Sources */,
			);
			runOnlyForDeploymentPostprocessing = 0;
		};
		81D28BD01F90440B006E2E73 /* Sources */ = {
			isa = PBXSourcesBuildPhase;
			buildActionMask = 2147483647;
			files = (
				81D28BD91F90440B006E2E73 /* ____demoTests.m in Sources */,
			);
			runOnlyForDeploymentPostprocessing = 0;
		};
		81D28BDB1F90440B006E2E73 /* Sources */ = {
			isa = PBXSourcesBuildPhase;
			buildActionMask = 2147483647;
			files = (
				81D28BE41F90440B006E2E73 /* ____demoUITests.m in Sources */,
			);
			runOnlyForDeploymentPostprocessing = 0;
		};
/* End PBXSourcesBuildPhase section */

/* Begin PBXTargetDependency section */
		81D28BD61F90440B006E2E73 /* PBXTargetDependency */ = {
			isa = PBXTargetDependency;
			target = 81D28BBA1F90440B006E2E73 /* 快捷支付demo */;
			targetProxy = 81D28BD51F90440B006E2E73 /* PBXContainerItemProxy */;
		};
		81D28BE11F90440B006E2E73 /* PBXTargetDependency */ = {
			isa = PBXTargetDependency;
			target = 81D28BBA1F90440B006E2E73 /* 快捷支付demo */;
			targetProxy = 81D28BE01F90440B006E2E73 /* PBXContainerItemProxy */;
		};
/* End PBXTargetDependency section */

/* Begin PBXVariantGroup section */
		81D28BC71F90440B006E2E73 /* Main.storyboard */ = {
			isa = PBXVariantGroup;
			children = (
				81D28BC81F90440B006E2E73 /* Base */,
			);
			name = Main.storyboard;
			sourceTree = "<group>";
		};
		81D28BCC1F90440B006E2E73 /* LaunchScreen.storyboard */ = {
			isa = PBXVariantGroup;
			children = (
				81D28BCD1F90440B006E2E73 /* Base */,
			);
			name = LaunchScreen.storyboard;
			sourceTree = "<group>";
		};
/* End PBXVariantGroup section */

/* Begin XCBuildConfiguration section */
		81D28BE61F90440B006E2E73 /* Debug */ = {
			isa = XCBuildConfiguration;
			buildSettings = {
				ALWAYS_SEARCH_USER_PATHS = NO;
				CLANG_ANALYZER_NONNULL = YES;
				CLANG_ANALYZER_NUMBER_OBJECT_CONVERSION = YES_AGGRESSIVE;
				CLANG_CXX_LANGUAGE_STANDARD = "gnu++0x";
				CLANG_CXX_LIBRARY = "libc++";
				CLANG_ENABLE_MODULES = YES;
				CLANG_ENABLE_OBJC_ARC = YES;
				CLANG_WARN_BOOL_CONVERSION = YES;
				CLANG_WARN_CONSTANT_CONVERSION = YES;
				CLANG_WARN_DIRECT_OBJC_ISA_USAGE = YES_ERROR;
				CLANG_WARN_DOCUMENTATION_COMMENTS = YES;
				CLANG_WARN_EMPTY_BODY = YES;
				CLANG_WARN_ENUM_CONVERSION = YES;
				CLANG_WARN_INFINITE_RECURSION = YES;
				CLANG_WARN_INT_CONVERSION = YES;
				CLANG_WARN_OBJC_ROOT_CLASS = YES_ERROR;
				CLANG_WARN_SUSPICIOUS_MOVE = YES;
				CLANG_WARN_UNREACHABLE_CODE = YES;
				CLANG_WARN__DUPLICATE_METHOD_MATCH = YES;
				"CODE_SIGN_IDENTITY[sdk=iphoneos*]" = "iPhone Developer";
				COPY_PHASE_STRIP = NO;
				DEBUG_INFORMATION_FORMAT = dwarf;
				ENABLE_STRICT_OBJC_MSGSEND = YES;
				ENABLE_TESTABILITY = YES;
				GCC_C_LANGUAGE_STANDARD = gnu99;
				GCC_DYNAMIC_NO_PIC = NO;
				GCC_NO_COMMON_BLOCKS = YES;
				GCC_OPTIMIZATION_LEVEL = 0;
				GCC_PREPROCESSOR_DEFINITIONS = (
					"DEBUG=1",
					"$(inherited)",
				);
				GCC_WARN_64_TO_32_BIT_CONVERSION = YES;
				GCC_WARN_ABOUT_RETURN_TYPE = YES_ERROR;
				GCC_WARN_UNDECLARED_SELECTOR = YES;
				GCC_WARN_UNINITIALIZED_AUTOS = YES_AGGRESSIVE;
				GCC_WARN_UNUSED_FUNCTION = YES;
				GCC_WARN_UNUSED_VARIABLE = YES;
				IPHONEOS_DEPLOYMENT_TARGET = 10.3;
				MTL_ENABLE_DEBUG_INFO = YES;
				ONLY_ACTIVE_ARCH = YES;
				SDKROOT = iphoneos;
			};
			name = Debug;
		};
		81D28BE71F90440B006E2E73 /* Release */ = {
			isa = XCBuildConfiguration;
			buildSettings = {
				ALWAYS_SEARCH_USER_PATHS = NO;
				CLANG_ANALYZER_NONNULL = YES;
				CLANG_ANALYZER_NUMBER_OBJECT_CONVERSION = YES_AGGRESSIVE;
				CLANG_CXX_LANGUAGE_STANDARD = "gnu++0x";
				CLANG_CXX_LIBRARY = "libc++";
				CLANG_ENABLE_MODULES = YES;
				CLANG_ENABLE_OBJC_ARC = YES;
				CLANG_WARN_BOOL_CONVERSION = YES;
				CLANG_WARN_CONSTANT_CONVERSION = YES;
				CLANG_WARN_DIRECT_OBJC_ISA_USAGE = YES_ERROR;
				CLANG_WARN_DOCUMENTATION_COMMENTS = YES;
				CLANG_WARN_EMPTY_BODY = YES;
				CLANG_WARN_ENUM_CONVERSION = YES;
				CLANG_WARN_INFINITE_RECURSION = YES;
				CLANG_WARN_INT_CONVERSION = YES;
				CLANG_WARN_OBJC_ROOT_CLASS = YES_ERROR;
				CLANG_WARN_SUSPICIOUS_MOVE = YES;
				CLANG_WARN_UNREACHABLE_CODE = YES;
				CLANG_WARN__DUPLICATE_METHOD_MATCH = YES;
				"CODE_SIGN_IDENTITY[sdk=iphoneos*]" = "iPhone Developer";
				COPY_PHASE_STRIP = NO;
				DEBUG_INFORMATION_FORMAT = "dwarf-with-dsym";
				ENABLE_NS_ASSERTIONS = NO;
				ENABLE_STRICT_OBJC_MSGSEND = YES;
				GCC_C_LANGUAGE_STANDARD = gnu99;
				GCC_NO_COMMON_BLOCKS = YES;
				GCC_WARN_64_TO_32_BIT_CONVERSION = YES;
				GCC_WARN_ABOUT_RETURN_TYPE = YES_ERROR;
				GCC_WARN_UNDECLARED_SELECTOR = YES;
				GCC_WARN_UNINITIALIZED_AUTOS = YES_AGGRESSIVE;
				GCC_WARN_UNUSED_FUNCTION = YES;
				GCC_WARN_UNUSED_VARIABLE = YES;
				IPHONEOS_DEPLOYMENT_TARGET = 10.3;
				MTL_ENABLE_DEBUG_INFO = NO;
				SDKROOT = iphoneos;
				VALIDATE_PRODUCT = YES;
			};
			name = Release;
		};
		81D28BE91F90440B006E2E73 /* Debug */ = {
			isa = XCBuildConfiguration;
			buildSettings = {
				ASSETCATALOG_COMPILER_APPICON_NAME = AppIcon;
				DEVELOPMENT_TEAM = 3RN55RZ4VG;
				INFOPLIST_FILE = "快捷支付demo/Info.plist";
				IPHONEOS_DEPLOYMENT_TARGET = 8.0;
				LD_RUNPATH_SEARCH_PATHS = "$(inherited) @executable_path/Frameworks";
				PRODUCT_BUNDLE_IDENTIFIER = "ck.----demo";
				PRODUCT_NAME = "$(TARGET_NAME)";
			};
			name = Debug;
		};
		81D28BEA1F90440B006E2E73 /* Release */ = {
			isa = XCBuildConfiguration;
			buildSettings = {
				ASSETCATALOG_COMPILER_APPICON_NAME = AppIcon;
				DEVELOPMENT_TEAM = 3RN55RZ4VG;
				INFOPLIST_FILE = "快捷支付demo/Info.plist";
				IPHONEOS_DEPLOYMENT_TARGET = 8.0;
				LD_RUNPATH_SEARCH_PATHS = "$(inherited) @executable_path/Frameworks";
				PRODUCT_BUNDLE_IDENTIFIER = "ck.----demo";
				PRODUCT_NAME = "$(TARGET_NAME)";
			};
			name = Release;
		};
		81D28BEC1F90440B006E2E73 /* Debug */ = {
			isa = XCBuildConfiguration;
			buildSettings = {
				BUNDLE_LOADER = "$(TEST_HOST)";
				DEVELOPMENT_TEAM = 3RN55RZ4VG;
				INFOPLIST_FILE = "快捷支付demoTests/Info.plist";
				LD_RUNPATH_SEARCH_PATHS = "$(inherited) @executable_path/Frameworks @loader_path/Frameworks";
				PRODUCT_BUNDLE_IDENTIFIER = "ck.----demoTests";
				PRODUCT_NAME = "$(TARGET_NAME)";
				TEST_HOST = "$(BUILT_PRODUCTS_DIR)/快捷支付demo.app/快捷支付demo";
			};
			name = Debug;
		};
		81D28BED1F90440B006E2E73 /* Release */ = {
			isa = XCBuildConfiguration;
			buildSettings = {
				BUNDLE_LOADER = "$(TEST_HOST)";
				DEVELOPMENT_TEAM = 3RN55RZ4VG;
				INFOPLIST_FILE = "快捷支付demoTests/Info.plist";
				LD_RUNPATH_SEARCH_PATHS = "$(inherited) @executable_path/Frameworks @loader_path/Frameworks";
				PRODUCT_BUNDLE_IDENTIFIER = "ck.----demoTests";
				PRODUCT_NAME = "$(TARGET_NAME)";
				TEST_HOST = "$(BUILT_PRODUCTS_DIR)/快捷支付demo.app/快捷支付demo";
			};
			name = Release;
		};
		81D28BEF1F90440B006E2E73 /* Debug */ = {
			isa = XCBuildConfiguration;
			buildSettings = {
				DEVELOPMENT_TEAM = 3RN55RZ4VG;
				INFOPLIST_FILE = "快捷支付demoUITests/Info.plist";
				LD_RUNPATH_SEARCH_PATHS = "$(inherited) @executable_path/Frameworks @loader_path/Frameworks";
				PRODUCT_BUNDLE_IDENTIFIER = "ck.----demoUITests";
				PRODUCT_NAME = "$(TARGET_NAME)";
				TEST_TARGET_NAME = "快捷支付demo";
			};
			name = Debug;
		};
		81D28BF01F90440B006E2E73 /* Release */ = {
			isa = XCBuildConfiguration;
			buildSettings = {
				DEVELOPMENT_TEAM = 3RN55RZ4VG;
				INFOPLIST_FILE = "快捷支付demoUITests/Info.plist";
				LD_RUNPATH_SEARCH_PATHS = "$(inherited) @executable_path/Frameworks @loader_path/Frameworks";
				PRODUCT_BUNDLE_IDENTIFIER = "ck.----demoUITests";
				PRODUCT_NAME = "$(TARGET_NAME)";
				TEST_TARGET_NAME = "快捷支付demo";
			};
			name = Release;
		};
/* End XCBuildConfiguration section */

/* Begin XCConfigurationList section */
		81D28BB61F90440B006E2E73 /* Build configuration list for PBXProject "快捷支付demo" */ = {
			isa = XCConfigurationList;
			buildConfigurations = (
				81D28BE61F90440B006E2E73 /* Debug */,
				81D28BE71F90440B006E2E73 /* Release */,
			);
			defaultConfigurationIsVisible = 0;
			defaultConfigurationName = Release;
		};
		81D28BE81F90440B006E2E73 /* Build configuration list for PBXNativeTarget "快捷支付demo" */ = {
			isa = XCConfigurationList;
			buildConfigurations = (
				81D28BE91F90440B006E2E73 /* Debug */,
				81D28BEA1F90440B006E2E73 /* Release */,
			);
			defaultConfigurationIsVisible = 0;
			defaultConfigurationName = Release;
		};
		81D28BEB1F90440B006E2E73 /* Build configuration list for PBXNativeTarget "快捷支付demoTests" */ = {
			isa = XCConfigurationList;
			buildConfigurations = (
				81D28BEC1F90440B006E2E73 /* Debug */,
				81D28BED1F90440B006E2E73 /* Release */,
			);
			defaultConfigurationIsVisible = 0;
			defaultConfigurationName = Release;
		};
		81D28BEE1F90440B006E2E73 /* Build configuration list for PBXNativeTarget "快捷支付demoUITests" */ = {
			isa = XCConfigurationList;
			buildConfigurations = (
				81D28BEF1F90440B006E2E73 /* Debug */,
				81D28BF01F90440B006E2E73 /* Release */,
			);
			defaultConfigurationIsVisible = 0;
			defaultConfigurationName = Release;
		};
/* End XCConfigurationList section */
	};
	rootObject = 81D28BB31F90440B006E2E73 /* Project object */;
}
