// !$*UTF8*$!
{
	archiveVersion = 1;
	classes = {
	};
	objectVersion = 46;
	objects = {

/* Begin PBXBuildFile section */
		81CC29281F8EF909003FA594 /* main.m in Sources */ = {isa = PBXBuildFile; fileRef = 81CC29271F8EF909003FA594 /* main.m */; };
		81CC292B1F8EF909003FA594 /* AppDelegate.m in Sources */ = {isa = PBXBuildFile; fileRef = 81CC292A1F8EF909003FA594 /* AppDelegate.m */; };
		81CC292E1F8EF909003FA594 /* ViewController.m in Sources */ = {isa = PBXBuildFile; fileRef = 81CC292D1F8EF909003FA594 /* ViewController.m */; };
		81CC29311F8EF909003FA594 /* Main.storyboard in Resources */ = {isa = PBXBuildFile; fileRef = 81CC292F1F8EF909003FA594 /* Main.storyboard */; };
		81CC29331F8EF909003FA594 /* Assets.xcassets in Resources */ = {isa = PBXBuildFile; fileRef = 81CC29321F8EF909003FA594 /* Assets.xcassets */; };
		81CC29361F8EF909003FA594 /* LaunchScreen.storyboard in Resources */ = {isa = PBXBuildFile; fileRef = 81CC29341F8EF909003FA594 /* LaunchScreen.storyboard */; };
		81CC29411F8EF90A003FA594 /* ios_____demoTests.m in Sources */ = {isa = PBXBuildFile; fileRef = 81CC29401F8EF90A003FA594 /* ios_____demoTests.m */; };
		81CC294C1F8EF90A003FA594 /* ios_____demoUITests.m in Sources */ = {isa = PBXBuildFile; fileRef = 81CC294B1F8EF90A003FA594 /* ios_____demoUITests.m */; };
		81CC295B1F8EF94A003FA594 /* DataVerify.m in Sources */ = {isa = PBXBuildFile; fileRef = 81CC295A1F8EF94A003FA594 /* DataVerify.m */; };
		81CC29611F8EFFCD003FA594 /* MyUtil.m in Sources */ = {isa = PBXBuildFile; fileRef = 81CC29601F8EFFCD003FA594 /* MyUtil.m */; };
/* End PBXBuildFile section */

/* Begin PBXContainerItemProxy section */
		81CC293D1F8EF90A003FA594 /* PBXContainerItemProxy */ = {
			isa = PBXContainerItemProxy;
			containerPortal = 81CC291B1F8EF909003FA594 /* Project object */;
			proxyType = 1;
			remoteGlobalIDString = 81CC29221F8EF909003FA594;
			remoteInfo = "ios正则表达式demo";
		};
		81CC29481F8EF90A003FA594 /* PBXContainerItemProxy */ = {
			isa = PBXContainerItemProxy;
			containerPortal = 81CC291B1F8EF909003FA594 /* Project object */;
			proxyType = 1;
			remoteGlobalIDString = 81CC29221F8EF909003FA594;
			remoteInfo = "ios正则表达式demo";
		};
/* End PBXContainerItemProxy section */

/* Begin PBXFileReference section */
		81CC29231F8EF909003FA594 /* ios正则表达式demo.app */ = {isa = PBXFileReference; explicitFileType = wrapper.application; includeInIndex = 0; path = "ios正则表达式demo.app"; sourceTree = BUILT_PRODUCTS_DIR; };
		81CC29271F8EF909003FA594 /* main.m */ = {isa = PBXFileReference; lastKnownFileType = sourcecode.c.objc; path = main.m; sourceTree = "<group>"; };
		81CC29291F8EF909003FA594 /* AppDelegate.h */ = {isa = PBXFileReference; lastKnownFileType = sourcecode.c.h; path = AppDelegate.h; sourceTree = "<group>"; };
		81CC292A1F8EF909003FA594 /* AppDelegate.m */ = {isa = PBXFileReference; lastKnownFileType = sourcecode.c.objc; path = AppDelegate.m; sourceTree = "<group>"; };
		81CC292C1F8EF909003FA594 /* ViewController.h */ = {isa = PBXFileReference; lastKnownFileType = sourcecode.c.h; path = ViewController.h; sourceTree = "<group>"; };
		81CC292D1F8EF909003FA594 /* ViewController.m */ = {isa = PBXFileReference; lastKnownFileType = sourcecode.c.objc; path = ViewController.m; sourceTree = "<group>"; };
		81CC29301F8EF909003FA594 /* Base */ = {isa = PBXFileReference; lastKnownFileType = file.storyboard; name = Base; path = Base.lproj/Main.storyboard; sourceTree = "<group>"; };
		81CC29321F8EF909003FA594 /* Assets.xcassets */ = {isa = PBXFileReference; lastKnownFileType = folder.assetcatalog; path = Assets.xcassets; sourceTree = "<group>"; };
		81CC29351F8EF909003FA594 /* Base */ = {isa = PBXFileReference; lastKnownFileType = file.storyboard; name = Base; path = Base.lproj/LaunchScreen.storyboard; sourceTree = "<group>"; };
		81CC29371F8EF909003FA594 /* Info.plist */ = {isa = PBXFileReference; lastKnownFileType = text.plist.xml; path = Info.plist; sourceTree = "<group>"; };
		81CC293C1F8EF90A003FA594 /* ios正则表达式demoTests.xctest */ = {isa = PBXFileReference; explicitFileType = wrapper.cfbundle; includeInIndex = 0; path = "ios正则表达式demoTests.xctest"; sourceTree = BUILT_PRODUCTS_DIR; };
		81CC29401F8EF90A003FA594 /* ios_____demoTests.m */ = {isa = PBXFileReference; lastKnownFileType = sourcecode.c.objc; path = "ios_____demoTests.m"; sourceTree = "<group>"; };
		81CC29421F8EF90A003FA594 /* Info.plist */ = {isa = PBXFileReference; lastKnownFileType = text.plist.xml; path = Info.plist; sourceTree = "<group>"; };
		81CC29471F8EF90A003FA594 /* ios正则表达式demoUITests.xctest */ = {isa = PBXFileReference; explicitFileType = wrapper.cfbundle; includeInIndex = 0; path = "ios正则表达式demoUITests.xctest"; sourceTree = BUILT_PRODUCTS_DIR; };
		81CC294B1F8EF90A003FA594 /* ios_____demoUITests.m */ = {isa = PBXFileReference; lastKnownFileType = sourcecode.c.objc; path = "ios_____demoUITests.m"; sourceTree = "<group>"; };
		81CC294D1F8EF90A003FA594 /* Info.plist */ = {isa = PBXFileReference; lastKnownFileType = text.plist.xml; path = Info.plist; sourceTree = "<group>"; };
		81CC29591F8EF94A003FA594 /* DataVerify.h */ = {isa = PBXFileReference; fileEncoding = 4; lastKnownFileType = sourcecode.c.h; path = DataVerify.h; sourceTree = "<group>"; };
		81CC295A1F8EF94A003FA594 /* DataVerify.m */ = {isa = PBXFileReference; fileEncoding = 4; lastKnownFileType = sourcecode.c.objc; path = DataVerify.m; sourceTree = "<group>"; };
		81CC295F1F8EFFCD003FA594 /* MyUtil.h */ = {isa = PBXFileReference; fileEncoding = 4; lastKnownFileType = sourcecode.c.h; path = MyUtil.h; sourceTree = "<group>"; };
		81CC29601F8EFFCD003FA594 /* MyUtil.m */ = {isa = PBXFileReference; fileEncoding = 4; lastKnownFileType = sourcecode.c.objc; path = MyUtil.m; sourceTree = "<group>"; };
/* End PBXFileReference section */

/* Begin PBXFrameworksBuildPhase section */
		81CC29201F8EF909003FA594 /* Frameworks */ = {
			isa = PBXFrameworksBuildPhase;
			buildActionMask = 2147483647;
			files = (
			);
			runOnlyForDeploymentPostprocessing = 0;
		};
		81CC29391F8EF90A003FA594 /* Frameworks */ = {
			isa = PBXFrameworksBuildPhase;
			buildActionMask = 2147483647;
			files = (
			);
			runOnlyForDeploymentPostprocessing = 0;
		};
		81CC29441F8EF90A003FA594 /* Frameworks */ = {
			isa = PBXFrameworksBuildPhase;
			buildActionMask = 2147483647;
			files = (
			);
			runOnlyForDeploymentPostprocessing = 0;
		};
/* End PBXFrameworksBuildPhase section */

/* Begin PBXGroup section */
		81CC291A1F8EF909003FA594 = {
			isa = PBXGroup;
			children = (
				81CC29251F8EF909003FA594 /* ios正则表达式demo */,
				81CC293F1F8EF90A003FA594 /* ios正则表达式demoTests */,
				81CC294A1F8EF90A003FA594 /* ios正则表达式demoUITests */,
				81CC29241F8EF909003FA594 /* Products */,
			);
			sourceTree = "<group>";
		};
		81CC29241F8EF909003FA594 /* Products */ = {
			isa = PBXGroup;
			children = (
				81CC29231F8EF909003FA594 /* ios正则表达式demo.app */,
				81CC293C1F8EF90A003FA594 /* ios正则表达式demoTests.xctest */,
				81CC29471F8EF90A003FA594 /* ios正则表达式demoUITests.xctest */,
			);
			name = Products;
			sourceTree = "<group>";
		};
		81CC29251F8EF909003FA594 /* ios正则表达式demo */ = {
			isa = PBXGroup;
			children = (
				81CC29291F8EF909003FA594 /* AppDelegate.h */,
				81CC292A1F8EF909003FA594 /* AppDelegate.m */,
				81CC292C1F8EF909003FA594 /* ViewController.h */,
				81CC292D1F8EF909003FA594 /* ViewController.m */,
				81CC29591F8EF94A003FA594 /* DataVerify.h */,
				81CC295A1F8EF94A003FA594 /* DataVerify.m */,
				81CC295F1F8EFFCD003FA594 /* MyUtil.h */,
				81CC29601F8EFFCD003FA594 /* MyUtil.m */,
				81CC292F1F8EF909003FA594 /* Main.storyboard */,
				81CC29321F8EF909003FA594 /* Assets.xcassets */,
				81CC29341F8EF909003FA594 /* LaunchScreen.storyboard */,
				81CC29371F8EF909003FA594 /* Info.plist */,
				81CC29261F8EF909003FA594 /* Supporting Files */,
			);
			path = "ios正则表达式demo";
			sourceTree = "<group>";
		};
		81CC29261F8EF909003FA594 /* Supporting Files */ = {
			isa = PBXGroup;
			children = (
				81CC29271F8EF909003FA594 /* main.m */,
			);
			name = "Supporting Files";
			sourceTree = "<group>";
		};
		81CC293F1F8EF90A003FA594 /* ios正则表达式demoTests */ = {
			isa = PBXGroup;
			children = (
				81CC29401F8EF90A003FA594 /* ios_____demoTests.m */,
				81CC29421F8EF90A003FA594 /* Info.plist */,
			);
			path = "ios正则表达式demoTests";
			sourceTree = "<group>";
		};
		81CC294A1F8EF90A003FA594 /* ios正则表达式demoUITests */ = {
			isa = PBXGroup;
			children = (
				81CC294B1F8EF90A003FA594 /* ios_____demoUITests.m */,
				81CC294D1F8EF90A003FA594 /* Info.plist */,
			);
			path = "ios正则表达式demoUITests";
			sourceTree = "<group>";
		};
/* End PBXGroup section */

/* Begin PBXNativeTarget section */
		81CC29221F8EF909003FA594 /* ios正则表达式demo */ = {
			isa = PBXNativeTarget;
			buildConfigurationList = 81CC29501F8EF90A003FA594 /* Build configuration list for PBXNativeTarget "ios正则表达式demo" */;
			buildPhases = (
				81CC291F1F8EF909003FA594 /* Sources */,
				81CC29201F8EF909003FA594 /* Frameworks */,
				81CC29211F8EF909003FA594 /* Resources */,
			);
			buildRules = (
			);
			dependencies = (
			);
			name = "ios正则表达式demo";
			productName = "ios正则表达式demo";
			productReference = 81CC29231F8EF909003FA594 /* ios正则表达式demo.app */;
			productType = "com.apple.product-type.application";
		};
		81CC293B1F8EF90A003FA594 /* ios正则表达式demoTests */ = {
			isa = PBXNativeTarget;
			buildConfigurationList = 81CC29531F8EF90A003FA594 /* Build configuration list for PBXNativeTarget "ios正则表达式demoTests" */;
			buildPhases = (
				81CC29381F8EF90A003FA594 /* Sources */,
				81CC29391F8EF90A003FA594 /* Frameworks */,
				81CC293A1F8EF90A003FA594 /* Resources */,
			);
			buildRules = (
			);
			dependencies = (
				81CC293E1F8EF90A003FA594 /* PBXTargetDependency */,
			);
			name = "ios正则表达式demoTests";
			productName = "ios正则表达式demoTests";
			productReference = 81CC293C1F8EF90A003FA594 /* ios正则表达式demoTests.xctest */;
			productType = "com.apple.product-type.bundle.unit-test";
		};
		81CC29461F8EF90A003FA594 /* ios正则表达式demoUITests */ = {
			isa = PBXNativeTarget;
			buildConfigurationList = 81CC29561F8EF90A003FA594 /* Build configuration list for PBXNativeTarget "ios正则表达式demoUITests" */;
			buildPhases = (
				81CC29431F8EF90A003FA594 /* Sources */,
				81CC29441F8EF90A003FA594 /* Frameworks */,
				81CC29451F8EF90A003FA594 /* Resources */,
			);
			buildRules = (
			);
			dependencies = (
				81CC29491F8EF90A003FA594 /* PBXTargetDependency */,
			);
			name = "ios正则表达式demoUITests";
			productName = "ios正则表达式demoUITests";
			productReference = 81CC29471F8EF90A003FA594 /* ios正则表达式demoUITests.xctest */;
			productType = "com.apple.product-type.bundle.ui-testing";
		};
/* End PBXNativeTarget section */

/* Begin PBXProject section */
		81CC291B1F8EF909003FA594 /* Project object */ = {
			isa = PBXProject;
			attributes = {
				LastUpgradeCheck = 0830;
				ORGANIZATIONNAME = "CK GuoZi";
				TargetAttributes = {
					81CC29221F8EF909003FA594 = {
						CreatedOnToolsVersion = 8.3.3;
						DevelopmentTeam = 3RN55RZ4VG;
						ProvisioningStyle = Automatic;
					};
					81CC293B1F8EF90A003FA594 = {
						CreatedOnToolsVersion = 8.3.3;
						DevelopmentTeam = 3RN55RZ4VG;
						ProvisioningStyle = Automatic;
						TestTargetID = 81CC29221F8EF909003FA594;
					};
					81CC29461F8EF90A003FA594 = {
						CreatedOnToolsVersion = 8.3.3;
						DevelopmentTeam = 3RN55RZ4VG;
						ProvisioningStyle = Automatic;
						TestTargetID = 81CC29221F8EF909003FA594;
					};
				};
			};
			buildConfigurationList = 81CC291E1F8EF909003FA594 /* Build configuration list for PBXProject "ios正则表达式demo" */;
			compatibilityVersion = "Xcode 3.2";
			developmentRegion = English;
			hasScannedForEncodings = 0;
			knownRegions = (
				en,
				Base,
			);
			mainGroup = 81CC291A1F8EF909003FA594;
			productRefGroup = 81CC29241F8EF909003FA594 /* Products */;
			projectDirPath = "";
			projectRoot = "";
			targets = (
				81CC29221F8EF909003FA594 /* ios正则表达式demo */,
				81CC293B1F8EF90A003FA594 /* ios正则表达式demoTests */,
				81CC29461F8EF90A003FA594 /* ios正则表达式demoUITests */,
			);
		};
/* End PBXProject section */

/* Begin PBXResourcesBuildPhase section */
		81CC29211F8EF909003FA594 /* Resources */ = {
			isa = PBXResourcesBuildPhase;
			buildActionMask = 2147483647;
			files = (
				81CC29361F8EF909003FA594 /* LaunchScreen.storyboard in Resources */,
				81CC29331F8EF909003FA594 /* Assets.xcassets in Resources */,
				81CC29311F8EF909003FA594 /* Main.storyboard in Resources */,
			);
			runOnlyForDeploymentPostprocessing = 0;
		};
		81CC293A1F8EF90A003FA594 /* Resources */ = {
			isa = PBXResourcesBuildPhase;
			buildActionMask = 2147483647;
			files = (
			);
			runOnlyForDeploymentPostprocessing = 0;
		};
		81CC29451F8EF90A003FA594 /* Resources */ = {
			isa = PBXResourcesBuildPhase;
			buildActionMask = 2147483647;
			files = (
			);
			runOnlyForDeploymentPostprocessing = 0;
		};
/* End PBXResourcesBuildPhase section */

/* Begin PBXSourcesBuildPhase section */
		81CC291F1F8EF909003FA594 /* Sources */ = {
			isa = PBXSourcesBuildPhase;
			buildActionMask = 2147483647;
			files = (
				81CC29611F8EFFCD003FA594 /* MyUtil.m in Sources */,
				81CC292E1F8EF909003FA594 /* ViewController.m in Sources */,
				81CC292B1F8EF909003FA594 /* AppDelegate.m in Sources */,
				81CC295B1F8EF94A003FA594 /* DataVerify.m in Sources */,
				81CC29281F8EF909003FA594 /* main.m in Sources */,
			);
			runOnlyForDeploymentPostprocessing = 0;
		};
		81CC29381F8EF90A003FA594 /* Sources */ = {
			isa = PBXSourcesBuildPhase;
			buildActionMask = 2147483647;
			files = (
				81CC29411F8EF90A003FA594 /* ios_____demoTests.m in Sources */,
			);
			runOnlyForDeploymentPostprocessing = 0;
		};
		81CC29431F8EF90A003FA594 /* Sources */ = {
			isa = PBXSourcesBuildPhase;
			buildActionMask = 2147483647;
			files = (
				81CC294C1F8EF90A003FA594 /* ios_____demoUITests.m in Sources */,
			);
			runOnlyForDeploymentPostprocessing = 0;
		};
/* End PBXSourcesBuildPhase section */

/* Begin PBXTargetDependency section */
		81CC293E1F8EF90A003FA594 /* PBXTargetDependency */ = {
			isa = PBXTargetDependency;
			target = 81CC29221F8EF909003FA594 /* ios正则表达式demo */;
			targetProxy = 81CC293D1F8EF90A003FA594 /* PBXContainerItemProxy */;
		};
		81CC29491F8EF90A003FA594 /* PBXTargetDependency */ = {
			isa = PBXTargetDependency;
			target = 81CC29221F8EF909003FA594 /* ios正则表达式demo */;
			targetProxy = 81CC29481F8EF90A003FA594 /* PBXContainerItemProxy */;
		};
/* End PBXTargetDependency section */

/* Begin PBXVariantGroup section */
		81CC292F1F8EF909003FA594 /* Main.storyboard */ = {
			isa = PBXVariantGroup;
			children = (
				81CC29301F8EF909003FA594 /* Base */,
			);
			name = Main.storyboard;
			sourceTree = "<group>";
		};
		81CC29341F8EF909003FA594 /* LaunchScreen.storyboard */ = {
			isa = PBXVariantGroup;
			children = (
				81CC29351F8EF909003FA594 /* Base */,
			);
			name = LaunchScreen.storyboard;
			sourceTree = "<group>";
		};
/* End PBXVariantGroup section */

/* Begin XCBuildConfiguration section */
		81CC294E1F8EF90A003FA594 /* Debug */ = {
			isa = XCBuildConfiguration;
			buildSettings = {
				ALWAYS_SEARCH_USER_PATHS = NO;
				CLANG_ANALYZER_NONNULL = YES;
				CLANG_ANALYZER_NUMBER_OBJECT_CONVERSION = YES_AGGRESSIVE;
				CLANG_CXX_LANGUAGE_STANDARD = "gnu++0x";
				CLANG_CXX_LIBRARY = "libc++";
				CLANG_ENABLE_MODULES = YES;
				CLANG_ENABLE_OBJC_ARC = YES;
				CLANG_WARN_BOOL_CONVERSION = YES;
				CLANG_WARN_CONSTANT_CONVERSION = YES;
				CLANG_WARN_DIRECT_OBJC_ISA_USAGE = YES_ERROR;
				CLANG_WARN_DOCUMENTATION_COMMENTS = YES;
				CLANG_WARN_EMPTY_BODY = YES;
				CLANG_WARN_ENUM_CONVERSION = YES;
				CLANG_WARN_INFINITE_RECURSION = YES;
				CLANG_WARN_INT_CONVERSION = YES;
				CLANG_WARN_OBJC_ROOT_CLASS = YES_ERROR;
				CLANG_WARN_SUSPICIOUS_MOVE = YES;
				CLANG_WARN_UNREACHABLE_CODE = YES;
				CLANG_WARN__DUPLICATE_METHOD_MATCH = YES;
				"CODE_SIGN_IDENTITY[sdk=iphoneos*]" = "iPhone Developer";
				COPY_PHASE_STRIP = NO;
				DEBUG_INFORMATION_FORMAT = dwarf;
				ENABLE_STRICT_OBJC_MSGSEND = YES;
				ENABLE_TESTABILITY = YES;
				GCC_C_LANGUAGE_STANDARD = gnu99;
				GCC_DYNAMIC_NO_PIC = NO;
				GCC_NO_COMMON_BLOCKS = YES;
				GCC_OPTIMIZATION_LEVEL = 0;
				GCC_PREPROCESSOR_DEFINITIONS = (
					"DEBUG=1",
					"$(inherited)",
				);
				GCC_WARN_64_TO_32_BIT_CONVERSION = YES;
				GCC_WARN_ABOUT_RETURN_TYPE = YES_ERROR;
				GCC_WARN_UNDECLARED_SELECTOR = YES;
				GCC_WARN_UNINITIALIZED_AUTOS = YES_AGGRESSIVE;
				GCC_WARN_UNUSED_FUNCTION = YES;
				GCC_WARN_UNUSED_VARIABLE = YES;
				IPHONEOS_DEPLOYMENT_TARGET = 10.3;
				MTL_ENABLE_DEBUG_INFO = YES;
				ONLY_ACTIVE_ARCH = YES;
				SDKROOT = iphoneos;
			};
			name = Debug;
		};
		81CC294F1F8EF90A003FA594 /* Release */ = {
			isa = XCBuildConfiguration;
			buildSettings = {
				ALWAYS_SEARCH_USER_PATHS = NO;
				CLANG_ANALYZER_NONNULL = YES;
				CLANG_ANALYZER_NUMBER_OBJECT_CONVERSION = YES_AGGRESSIVE;
				CLANG_CXX_LANGUAGE_STANDARD = "gnu++0x";
				CLANG_CXX_LIBRARY = "libc++";
				CLANG_ENABLE_MODULES = YES;
				CLANG_ENABLE_OBJC_ARC = YES;
				CLANG_WARN_BOOL_CONVERSION = YES;
				CLANG_WARN_CONSTANT_CONVERSION = YES;
				CLANG_WARN_DIRECT_OBJC_ISA_USAGE = YES_ERROR;
				CLANG_WARN_DOCUMENTATION_COMMENTS = YES;
				CLANG_WARN_EMPTY_BODY = YES;
				CLANG_WARN_ENUM_CONVERSION = YES;
				CLANG_WARN_INFINITE_RECURSION = YES;
				CLANG_WARN_INT_CONVERSION = YES;
				CLANG_WARN_OBJC_ROOT_CLASS = YES_ERROR;
				CLANG_WARN_SUSPICIOUS_MOVE = YES;
				CLANG_WARN_UNREACHABLE_CODE = YES;
				CLANG_WARN__DUPLICATE_METHOD_MATCH = YES;
				"CODE_SIGN_IDENTITY[sdk=iphoneos*]" = "iPhone Developer";
				COPY_PHASE_STRIP = NO;
				DEBUG_INFORMATION_FORMAT = "dwarf-with-dsym";
				ENABLE_NS_ASSERTIONS = NO;
				ENABLE_STRICT_OBJC_MSGSEND = YES;
				GCC_C_LANGUAGE_STANDARD = gnu99;
				GCC_NO_COMMON_BLOCKS = YES;
				GCC_WARN_64_TO_32_BIT_CONVERSION = YES;
				GCC_WARN_ABOUT_RETURN_TYPE = YES_ERROR;
				GCC_WARN_UNDECLARED_SELECTOR = YES;
				GCC_WARN_UNINITIALIZED_AUTOS = YES_AGGRESSIVE;
				GCC_WARN_UNUSED_FUNCTION = YES;
				GCC_WARN_UNUSED_VARIABLE = YES;
				IPHONEOS_DEPLOYMENT_TARGET = 10.3;
				MTL_ENABLE_DEBUG_INFO = NO;
				SDKROOT = iphoneos;
				VALIDATE_PRODUCT = YES;
			};
			name = Release;
		};
		81CC29511F8EF90A003FA594 /* Debug */ = {
			isa = XCBuildConfiguration;
			buildSettings = {
				ASSETCATALOG_COMPILER_APPICON_NAME = AppIcon;
				DEVELOPMENT_TEAM = 3RN55RZ4VG;
				INFOPLIST_FILE = "ios正则表达式demo/Info.plist";
				LD_RUNPATH_SEARCH_PATHS = "$(inherited) @executable_path/Frameworks";
				PRODUCT_BUNDLE_IDENTIFIER = "ck.ios-----demo";
				PRODUCT_NAME = "$(TARGET_NAME)";
			};
			name = Debug;
		};
		81CC29521F8EF90A003FA594 /* Release */ = {
			isa = XCBuildConfiguration;
			buildSettings = {
				ASSETCATALOG_COMPILER_APPICON_NAME = AppIcon;
				DEVELOPMENT_TEAM = 3RN55RZ4VG;
				INFOPLIST_FILE = "ios正则表达式demo/Info.plist";
				LD_RUNPATH_SEARCH_PATHS = "$(inherited) @executable_path/Frameworks";
				PRODUCT_BUNDLE_IDENTIFIER = "ck.ios-----demo";
				PRODUCT_NAME = "$(TARGET_NAME)";
			};
			name = Release;
		};
		81CC29541F8EF90A003FA594 /* Debug */ = {
			isa = XCBuildConfiguration;
			buildSettings = {
				BUNDLE_LOADER = "$(TEST_HOST)";
				DEVELOPMENT_TEAM = 3RN55RZ4VG;
				INFOPLIST_FILE = "ios正则表达式demoTests/Info.plist";
				LD_RUNPATH_SEARCH_PATHS = "$(inherited) @executable_path/Frameworks @loader_path/Frameworks";
				PRODUCT_BUNDLE_IDENTIFIER = "ck.ios-----demoTests";
				PRODUCT_NAME = "$(TARGET_NAME)";
				TEST_HOST = "$(BUILT_PRODUCTS_DIR)/ios正则表达式demo.app/ios正则表达式demo";
			};
			name = Debug;
		};
		81CC29551F8EF90A003FA594 /* Release */ = {
			isa = XCBuildConfiguration;
			buildSettings = {
				BUNDLE_LOADER = "$(TEST_HOST)";
				DEVELOPMENT_TEAM = 3RN55RZ4VG;
				INFOPLIST_FILE = "ios正则表达式demoTests/Info.plist";
				LD_RUNPATH_SEARCH_PATHS = "$(inherited) @executable_path/Frameworks @loader_path/Frameworks";
				PRODUCT_BUNDLE_IDENTIFIER = "ck.ios-----demoTests";
				PRODUCT_NAME = "$(TARGET_NAME)";
				TEST_HOST = "$(BUILT_PRODUCTS_DIR)/ios正则表达式demo.app/ios正则表达式demo";
			};
			name = Release;
		};
		81CC29571F8EF90A003FA594 /* Debug */ = {
			isa = XCBuildConfiguration;
			buildSettings = {
				DEVELOPMENT_TEAM = 3RN55RZ4VG;
				INFOPLIST_FILE = "ios正则表达式demoUITests/Info.plist";
				LD_RUNPATH_SEARCH_PATHS = "$(inherited) @executable_path/Frameworks @loader_path/Frameworks";
				PRODUCT_BUNDLE_IDENTIFIER = "ck.ios-----demoUITests";
				PRODUCT_NAME = "$(TARGET_NAME)";
				TEST_TARGET_NAME = "ios正则表达式demo";
			};
			name = Debug;
		};
		81CC29581F8EF90A003FA594 /* Release */ = {
			isa = XCBuildConfiguration;
			buildSettings = {
				DEVELOPMENT_TEAM = 3RN55RZ4VG;
				INFOPLIST_FILE = "ios正则表达式demoUITests/Info.plist";
				LD_RUNPATH_SEARCH_PATHS = "$(inherited) @executable_path/Frameworks @loader_path/Frameworks";
				PRODUCT_BUNDLE_IDENTIFIER = "ck.ios-----demoUITests";
				PRODUCT_NAME = "$(TARGET_NAME)";
				TEST_TARGET_NAME = "ios正则表达式demo";
			};
			name = Release;
		};
/* End XCBuildConfiguration section */

/* Begin XCConfigurationList section */
		81CC291E1F8EF909003FA594 /* Build configuration list for PBXProject "ios正则表达式demo" */ = {
			isa = XCConfigurationList;
			buildConfigurations = (
				81CC294E1F8EF90A003FA594 /* Debug */,
				81CC294F1F8EF90A003FA594 /* Release */,
			);
			defaultConfigurationIsVisible = 0;
			defaultConfigurationName = Release;
		};
		81CC29501F8EF90A003FA594 /* Build configuration list for PBXNativeTarget "ios正则表达式demo" */ = {
			isa = XCConfigurationList;
			buildConfigurations = (
				81CC29511F8EF90A003FA594 /* Debug */,
				81CC29521F8EF90A003FA594 /* Release */,
			);
			defaultConfigurationIsVisible = 0;
		};
		81CC29531F8EF90A003FA594 /* Build configuration list for PBXNativeTarget "ios正则表达式demoTests" */ = {
			isa = XCConfigurationList;
			buildConfigurations = (
				81CC29541F8EF90A003FA594 /* Debug */,
				81CC29551F8EF90A003FA594 /* Release */,
			);
			defaultConfigurationIsVisible = 0;
		};
		81CC29561F8EF90A003FA594 /* Build configuration list for PBXNativeTarget "ios正则表达式demoUITests" */ = {
			isa = XCConfigurationList;
			buildConfigurations = (
				81CC29571F8EF90A003FA594 /* Debug */,
				81CC29581F8EF90A003FA594 /* Release */,
			);
			defaultConfigurationIsVisible = 0;
		};
/* End XCConfigurationList section */
	};
	rootObject = 81CC291B1F8EF909003FA594 /* Project object */;
}
