// !$*UTF8*$!
{
	archiveVersion = 1;
	classes = {
	};
	objectVersion = 46;
	objects = {

/* Begin PBXBuildFile section */
		81B7688F1F73544D008E99E8 /* main.m in Sources */ = {isa = PBXBuildFile; fileRef = 81B7688E1F73544D008E99E8 /* main.m */; };
		81B768921F73544D008E99E8 /* AppDelegate.m in Sources */ = {isa = PBXBuildFile; fileRef = 81B768911F73544D008E99E8 /* AppDelegate.m */; };
		81B768981F73544D008E99E8 /* Main.storyboard in Resources */ = {isa = PBXBuildFile; fileRef = 81B768961F73544D008E99E8 /* Main.storyboard */; };
		81B7689A1F73544D008E99E8 /* Assets.xcassets in Resources */ = {isa = PBXBuildFile; fileRef = 81B768991F73544D008E99E8 /* Assets.xcassets */; };
		81B7689D1F73544D008E99E8 /* LaunchScreen.storyboard in Resources */ = {isa = PBXBuildFile; fileRef = 81B7689B1F73544D008E99E8 /* LaunchScreen.storyboard */; };
		81B768A81F73544D008E99E8 /* _1APP___________demoTests.m in Sources */ = {isa = PBXBuildFile; fileRef = 81B768A71F73544D008E99E8 /* _1APP___________demoTests.m */; };
		81B768B31F73544D008E99E8 /* _1APP___________demoUITests.m in Sources */ = {isa = PBXBuildFile; fileRef = 81B768B21F73544D008E99E8 /* _1APP___________demoUITests.m */; };
		81B768C51F7354CB008E99E8 /* DiscoverVC.m in Sources */ = {isa = PBXBuildFile; fileRef = 81B768C41F7354CB008E99E8 /* DiscoverVC.m */; };
		81B768C81F7354D6008E99E8 /* DDMineVC.m in Sources */ = {isa = PBXBuildFile; fileRef = 81B768C71F7354D6008E99E8 /* DDMineVC.m */; };
		81B768CB1F7355A2008E99E8 /* DDNavigantionVC.m in Sources */ = {isa = PBXBuildFile; fileRef = 81B768CA1F7355A2008E99E8 /* DDNavigantionVC.m */; };
		81B768CE1F73566E008E99E8 /* DDMainVC.m in Sources */ = {isa = PBXBuildFile; fileRef = 81B768CD1F73566E008E99E8 /* DDMainVC.m */; };
/* End PBXBuildFile section */

/* Begin PBXContainerItemProxy section */
		81B768A41F73544D008E99E8 /* PBXContainerItemProxy */ = {
			isa = PBXContainerItemProxy;
			containerPortal = 81B768821F73544D008E99E8 /* Project object */;
			proxyType = 1;
			remoteGlobalIDString = 81B768891F73544D008E99E8;
			remoteInfo = "01APP标签导航控制器框架搭建demo";
		};
		81B768AF1F73544D008E99E8 /* PBXContainerItemProxy */ = {
			isa = PBXContainerItemProxy;
			containerPortal = 81B768821F73544D008E99E8 /* Project object */;
			proxyType = 1;
			remoteGlobalIDString = 81B768891F73544D008E99E8;
			remoteInfo = "01APP标签导航控制器框架搭建demo";
		};
/* End PBXContainerItemProxy section */

/* Begin PBXFileReference section */
		81B7688A1F73544D008E99E8 /* 01APP标签导航控制器框架搭建demo.app */ = {isa = PBXFileReference; explicitFileType = wrapper.application; includeInIndex = 0; path = "01APP标签导航控制器框架搭建demo.app"; sourceTree = BUILT_PRODUCTS_DIR; };
		81B7688E1F73544D008E99E8 /* main.m */ = {isa = PBXFileReference; lastKnownFileType = sourcecode.c.objc; path = main.m; sourceTree = "<group>"; };
		81B768901F73544D008E99E8 /* AppDelegate.h */ = {isa = PBXFileReference; lastKnownFileType = sourcecode.c.h; path = AppDelegate.h; sourceTree = "<group>"; };
		81B768911F73544D008E99E8 /* AppDelegate.m */ = {isa = PBXFileReference; lastKnownFileType = sourcecode.c.objc; path = AppDelegate.m; sourceTree = "<group>"; };
		81B768971F73544D008E99E8 /* Base */ = {isa = PBXFileReference; lastKnownFileType = file.storyboard; name = Base; path = Base.lproj/Main.storyboard; sourceTree = "<group>"; };
		81B768991F73544D008E99E8 /* Assets.xcassets */ = {isa = PBXFileReference; lastKnownFileType = folder.assetcatalog; path = Assets.xcassets; sourceTree = "<group>"; };
		81B7689C1F73544D008E99E8 /* Base */ = {isa = PBXFileReference; lastKnownFileType = file.storyboard; name = Base; path = Base.lproj/LaunchScreen.storyboard; sourceTree = "<group>"; };
		81B7689E1F73544D008E99E8 /* Info.plist */ = {isa = PBXFileReference; lastKnownFileType = text.plist.xml; path = Info.plist; sourceTree = "<group>"; };
		81B768A31F73544D008E99E8 /* 01APP标签导航控制器框架搭建demoTests.xctest */ = {isa = PBXFileReference; explicitFileType = wrapper.cfbundle; includeInIndex = 0; path = "01APP标签导航控制器框架搭建demoTests.xctest"; sourceTree = BUILT_PRODUCTS_DIR; };
		81B768A71F73544D008E99E8 /* _1APP___________demoTests.m */ = {isa = PBXFileReference; lastKnownFileType = sourcecode.c.objc; path = "_1APP___________demoTests.m"; sourceTree = "<group>"; };
		81B768A91F73544D008E99E8 /* Info.plist */ = {isa = PBXFileReference; lastKnownFileType = text.plist.xml; path = Info.plist; sourceTree = "<group>"; };
		81B768AE1F73544D008E99E8 /* 01APP标签导航控制器框架搭建demoUITests.xctest */ = {isa = PBXFileReference; explicitFileType = wrapper.cfbundle; includeInIndex = 0; path = "01APP标签导航控制器框架搭建demoUITests.xctest"; sourceTree = BUILT_PRODUCTS_DIR; };
		81B768B21F73544D008E99E8 /* _1APP___________demoUITests.m */ = {isa = PBXFileReference; lastKnownFileType = sourcecode.c.objc; path = "_1APP___________demoUITests.m"; sourceTree = "<group>"; };
		81B768B41F73544D008E99E8 /* Info.plist */ = {isa = PBXFileReference; lastKnownFileType = text.plist.xml; path = Info.plist; sourceTree = "<group>"; };
		81B768C31F7354CB008E99E8 /* DiscoverVC.h */ = {isa = PBXFileReference; fileEncoding = 4; lastKnownFileType = sourcecode.c.h; path = DiscoverVC.h; sourceTree = "<group>"; };
		81B768C41F7354CB008E99E8 /* DiscoverVC.m */ = {isa = PBXFileReference; fileEncoding = 4; lastKnownFileType = sourcecode.c.objc; path = DiscoverVC.m; sourceTree = "<group>"; };
		81B768C61F7354D6008E99E8 /* DDMineVC.h */ = {isa = PBXFileReference; fileEncoding = 4; lastKnownFileType = sourcecode.c.h; path = DDMineVC.h; sourceTree = "<group>"; };
		81B768C71F7354D6008E99E8 /* DDMineVC.m */ = {isa = PBXFileReference; fileEncoding = 4; lastKnownFileType = sourcecode.c.objc; path = DDMineVC.m; sourceTree = "<group>"; };
		81B768C91F7355A2008E99E8 /* DDNavigantionVC.h */ = {isa = PBXFileReference; fileEncoding = 4; lastKnownFileType = sourcecode.c.h; path = DDNavigantionVC.h; sourceTree = "<group>"; };
		81B768CA1F7355A2008E99E8 /* DDNavigantionVC.m */ = {isa = PBXFileReference; fileEncoding = 4; lastKnownFileType = sourcecode.c.objc; path = DDNavigantionVC.m; sourceTree = "<group>"; };
		81B768CC1F73566E008E99E8 /* DDMainVC.h */ = {isa = PBXFileReference; fileEncoding = 4; lastKnownFileType = sourcecode.c.h; path = DDMainVC.h; sourceTree = "<group>"; };
		81B768CD1F73566E008E99E8 /* DDMainVC.m */ = {isa = PBXFileReference; fileEncoding = 4; lastKnownFileType = sourcecode.c.objc; path = DDMainVC.m; sourceTree = "<group>"; };
/* End PBXFileReference section */

/* Begin PBXFrameworksBuildPhase section */
		81B768871F73544D008E99E8 /* Frameworks */ = {
			isa = PBXFrameworksBuildPhase;
			buildActionMask = 2147483647;
			files = (
			);
			runOnlyForDeploymentPostprocessing = 0;
		};
		81B768A01F73544D008E99E8 /* Frameworks */ = {
			isa = PBXFrameworksBuildPhase;
			buildActionMask = 2147483647;
			files = (
			);
			runOnlyForDeploymentPostprocessing = 0;
		};
		81B768AB1F73544D008E99E8 /* Frameworks */ = {
			isa = PBXFrameworksBuildPhase;
			buildActionMask = 2147483647;
			files = (
			);
			runOnlyForDeploymentPostprocessing = 0;
		};
/* End PBXFrameworksBuildPhase section */

/* Begin PBXGroup section */
		81B768811F73544D008E99E8 = {
			isa = PBXGroup;
			children = (
				81B7688C1F73544D008E99E8 /* 01APP标签导航控制器框架搭建demo */,
				81B768A61F73544D008E99E8 /* 01APP标签导航控制器框架搭建demoTests */,
				81B768B11F73544D008E99E8 /* 01APP标签导航控制器框架搭建demoUITests */,
				81B7688B1F73544D008E99E8 /* Products */,
			);
			sourceTree = "<group>";
		};
		81B7688B1F73544D008E99E8 /* Products */ = {
			isa = PBXGroup;
			children = (
				81B7688A1F73544D008E99E8 /* 01APP标签导航控制器框架搭建demo.app */,
				81B768A31F73544D008E99E8 /* 01APP标签导航控制器框架搭建demoTests.xctest */,
				81B768AE1F73544D008E99E8 /* 01APP标签导航控制器框架搭建demoUITests.xctest */,
			);
			name = Products;
			sourceTree = "<group>";
		};
		81B7688C1F73544D008E99E8 /* 01APP标签导航控制器框架搭建demo */ = {
			isa = PBXGroup;
			children = (
				81B768901F73544D008E99E8 /* AppDelegate.h */,
				81B768911F73544D008E99E8 /* AppDelegate.m */,
				81B768CC1F73566E008E99E8 /* DDMainVC.h */,
				81B768CD1F73566E008E99E8 /* DDMainVC.m */,
				81B768C91F7355A2008E99E8 /* DDNavigantionVC.h */,
				81B768CA1F7355A2008E99E8 /* DDNavigantionVC.m */,
				81B768C31F7354CB008E99E8 /* DiscoverVC.h */,
				81B768C41F7354CB008E99E8 /* DiscoverVC.m */,
				81B768C61F7354D6008E99E8 /* DDMineVC.h */,
				81B768C71F7354D6008E99E8 /* DDMineVC.m */,
				81B768961F73544D008E99E8 /* Main.storyboard */,
				81B768991F73544D008E99E8 /* Assets.xcassets */,
				81B7689B1F73544D008E99E8 /* LaunchScreen.storyboard */,
				81B7689E1F73544D008E99E8 /* Info.plist */,
				81B7688D1F73544D008E99E8 /* Supporting Files */,
			);
			path = "01APP标签导航控制器框架搭建demo";
			sourceTree = "<group>";
		};
		81B7688D1F73544D008E99E8 /* Supporting Files */ = {
			isa = PBXGroup;
			children = (
				81B7688E1F73544D008E99E8 /* main.m */,
			);
			name = "Supporting Files";
			sourceTree = "<group>";
		};
		81B768A61F73544D008E99E8 /* 01APP标签导航控制器框架搭建demoTests */ = {
			isa = PBXGroup;
			children = (
				81B768A71F73544D008E99E8 /* _1APP___________demoTests.m */,
				81B768A91F73544D008E99E8 /* Info.plist */,
			);
			path = "01APP标签导航控制器框架搭建demoTests";
			sourceTree = "<group>";
		};
		81B768B11F73544D008E99E8 /* 01APP标签导航控制器框架搭建demoUITests */ = {
			isa = PBXGroup;
			children = (
				81B768B21F73544D008E99E8 /* _1APP___________demoUITests.m */,
				81B768B41F73544D008E99E8 /* Info.plist */,
			);
			path = "01APP标签导航控制器框架搭建demoUITests";
			sourceTree = "<group>";
		};
/* End PBXGroup section */

/* Begin PBXNativeTarget section */
		81B768891F73544D008E99E8 /* 01APP标签导航控制器框架搭建demo */ = {
			isa = PBXNativeTarget;
			buildConfigurationList = 81B768B71F73544D008E99E8 /* Build configuration list for PBXNativeTarget "01APP标签导航控制器框架搭建demo" */;
			buildPhases = (
				81B768861F73544D008E99E8 /* Sources */,
				81B768871F73544D008E99E8 /* Frameworks */,
				81B768881F73544D008E99E8 /* Resources */,
			);
			buildRules = (
			);
			dependencies = (
			);
			name = "01APP标签导航控制器框架搭建demo";
			productName = "01APP标签导航控制器框架搭建demo";
			productReference = 81B7688A1F73544D008E99E8 /* 01APP标签导航控制器框架搭建demo.app */;
			productType = "com.apple.product-type.application";
		};
		81B768A21F73544D008E99E8 /* 01APP标签导航控制器框架搭建demoTests */ = {
			isa = PBXNativeTarget;
			buildConfigurationList = 81B768BA1F73544D008E99E8 /* Build configuration list for PBXNativeTarget "01APP标签导航控制器框架搭建demoTests" */;
			buildPhases = (
				81B7689F1F73544D008E99E8 /* Sources */,
				81B768A01F73544D008E99E8 /* Frameworks */,
				81B768A11F73544D008E99E8 /* Resources */,
			);
			buildRules = (
			);
			dependencies = (
				81B768A51F73544D008E99E8 /* PBXTargetDependency */,
			);
			name = "01APP标签导航控制器框架搭建demoTests";
			productName = "01APP标签导航控制器框架搭建demoTests";
			productReference = 81B768A31F73544D008E99E8 /* 01APP标签导航控制器框架搭建demoTests.xctest */;
			productType = "com.apple.product-type.bundle.unit-test";
		};
		81B768AD1F73544D008E99E8 /* 01APP标签导航控制器框架搭建demoUITests */ = {
			isa = PBXNativeTarget;
			buildConfigurationList = 81B768BD1F73544D008E99E8 /* Build configuration list for PBXNativeTarget "01APP标签导航控制器框架搭建demoUITests" */;
			buildPhases = (
				81B768AA1F73544D008E99E8 /* Sources */,
				81B768AB1F73544D008E99E8 /* Frameworks */,
				81B768AC1F73544D008E99E8 /* Resources */,
			);
			buildRules = (
			);
			dependencies = (
				81B768B01F73544D008E99E8 /* PBXTargetDependency */,
			);
			name = "01APP标签导航控制器框架搭建demoUITests";
			productName = "01APP标签导航控制器框架搭建demoUITests";
			productReference = 81B768AE1F73544D008E99E8 /* 01APP标签导航控制器框架搭建demoUITests.xctest */;
			productType = "com.apple.product-type.bundle.ui-testing";
		};
/* End PBXNativeTarget section */

/* Begin PBXProject section */
		81B768821F73544D008E99E8 /* Project object */ = {
			isa = PBXProject;
			attributes = {
				LastUpgradeCheck = 0830;
				ORGANIZATIONNAME = "CK GuoZi";
				TargetAttributes = {
					81B768891F73544D008E99E8 = {
						CreatedOnToolsVersion = 8.3.3;
						DevelopmentTeam = 3RN55RZ4VG;
						ProvisioningStyle = Automatic;
					};
					81B768A21F73544D008E99E8 = {
						CreatedOnToolsVersion = 8.3.3;
						DevelopmentTeam = 3RN55RZ4VG;
						ProvisioningStyle = Automatic;
						TestTargetID = 81B768891F73544D008E99E8;
					};
					81B768AD1F73544D008E99E8 = {
						CreatedOnToolsVersion = 8.3.3;
						DevelopmentTeam = 3RN55RZ4VG;
						ProvisioningStyle = Automatic;
						TestTargetID = 81B768891F73544D008E99E8;
					};
				};
			};
			buildConfigurationList = 81B768851F73544D008E99E8 /* Build configuration list for PBXProject "01APP标签导航控制器框架搭建demo" */;
			compatibilityVersion = "Xcode 3.2";
			developmentRegion = English;
			hasScannedForEncodings = 0;
			knownRegions = (
				en,
				Base,
			);
			mainGroup = 81B768811F73544D008E99E8;
			productRefGroup = 81B7688B1F73544D008E99E8 /* Products */;
			projectDirPath = "";
			projectRoot = "";
			targets = (
				81B768891F73544D008E99E8 /* 01APP标签导航控制器框架搭建demo */,
				81B768A21F73544D008E99E8 /* 01APP标签导航控制器框架搭建demoTests */,
				81B768AD1F73544D008E99E8 /* 01APP标签导航控制器框架搭建demoUITests */,
			);
		};
/* End PBXProject section */

/* Begin PBXResourcesBuildPhase section */
		81B768881F73544D008E99E8 /* Resources */ = {
			isa = PBXResourcesBuildPhase;
			buildActionMask = 2147483647;
			files = (
				81B7689D1F73544D008E99E8 /* LaunchScreen.storyboard in Resources */,
				81B7689A1F73544D008E99E8 /* Assets.xcassets in Resources */,
				81B768981F73544D008E99E8 /* Main.storyboard in Resources */,
			);
			runOnlyForDeploymentPostprocessing = 0;
		};
		81B768A11F73544D008E99E8 /* Resources */ = {
			isa = PBXResourcesBuildPhase;
			buildActionMask = 2147483647;
			files = (
			);
			runOnlyForDeploymentPostprocessing = 0;
		};
		81B768AC1F73544D008E99E8 /* Resources */ = {
			isa = PBXResourcesBuildPhase;
			buildActionMask = 2147483647;
			files = (
			);
			runOnlyForDeploymentPostprocessing = 0;
		};
/* End PBXResourcesBuildPhase section */

/* Begin PBXSourcesBuildPhase section */
		81B768861F73544D008E99E8 /* Sources */ = {
			isa = PBXSourcesBuildPhase;
			buildActionMask = 2147483647;
			files = (
				81B768921F73544D008E99E8 /* AppDelegate.m in Sources */,
				81B7688F1F73544D008E99E8 /* main.m in Sources */,
				81B768C81F7354D6008E99E8 /* DDMineVC.m in Sources */,
				81B768CE1F73566E008E99E8 /* DDMainVC.m in Sources */,
				81B768C51F7354CB008E99E8 /* DiscoverVC.m in Sources */,
				81B768CB1F7355A2008E99E8 /* DDNavigantionVC.m in Sources */,
			);
			runOnlyForDeploymentPostprocessing = 0;
		};
		81B7689F1F73544D008E99E8 /* Sources */ = {
			isa = PBXSourcesBuildPhase;
			buildActionMask = 2147483647;
			files = (
				81B768A81F73544D008E99E8 /* _1APP___________demoTests.m in Sources */,
			);
			runOnlyForDeploymentPostprocessing = 0;
		};
		81B768AA1F73544D008E99E8 /* Sources */ = {
			isa = PBXSourcesBuildPhase;
			buildActionMask = 2147483647;
			files = (
				81B768B31F73544D008E99E8 /* _1APP___________demoUITests.m in Sources */,
			);
			runOnlyForDeploymentPostprocessing = 0;
		};
/* End PBXSourcesBuildPhase section */

/* Begin PBXTargetDependency section */
		81B768A51F73544D008E99E8 /* PBXTargetDependency */ = {
			isa = PBXTargetDependency;
			target = 81B768891F73544D008E99E8 /* 01APP标签导航控制器框架搭建demo */;
			targetProxy = 81B768A41F73544D008E99E8 /* PBXContainerItemProxy */;
		};
		81B768B01F73544D008E99E8 /* PBXTargetDependency */ = {
			isa = PBXTargetDependency;
			target = 81B768891F73544D008E99E8 /* 01APP标签导航控制器框架搭建demo */;
			targetProxy = 81B768AF1F73544D008E99E8 /* PBXContainerItemProxy */;
		};
/* End PBXTargetDependency section */

/* Begin PBXVariantGroup section */
		81B768961F73544D008E99E8 /* Main.storyboard */ = {
			isa = PBXVariantGroup;
			children = (
				81B768971F73544D008E99E8 /* Base */,
			);
			name = Main.storyboard;
			sourceTree = "<group>";
		};
		81B7689B1F73544D008E99E8 /* LaunchScreen.storyboard */ = {
			isa = PBXVariantGroup;
			children = (
				81B7689C1F73544D008E99E8 /* Base */,
			);
			name = LaunchScreen.storyboard;
			sourceTree = "<group>";
		};
/* End PBXVariantGroup section */

/* Begin XCBuildConfiguration section */
		81B768B51F73544D008E99E8 /* Debug */ = {
			isa = XCBuildConfiguration;
			buildSettings = {
				ALWAYS_SEARCH_USER_PATHS = NO;
				CLANG_ANALYZER_NONNULL = YES;
				CLANG_ANALYZER_NUMBER_OBJECT_CONVERSION = YES_AGGRESSIVE;
				CLANG_CXX_LANGUAGE_STANDARD = "gnu++0x";
				CLANG_CXX_LIBRARY = "libc++";
				CLANG_ENABLE_MODULES = YES;
				CLANG_ENABLE_OBJC_ARC = YES;
				CLANG_WARN_BOOL_CONVERSION = YES;
				CLANG_WARN_CONSTANT_CONVERSION = YES;
				CLANG_WARN_DIRECT_OBJC_ISA_USAGE = YES_ERROR;
				CLANG_WARN_DOCUMENTATION_COMMENTS = YES;
				CLANG_WARN_EMPTY_BODY = YES;
				CLANG_WARN_ENUM_CONVERSION = YES;
				CLANG_WARN_INFINITE_RECURSION = YES;
				CLANG_WARN_INT_CONVERSION = YES;
				CLANG_WARN_OBJC_ROOT_CLASS = YES_ERROR;
				CLANG_WARN_SUSPICIOUS_MOVE = YES;
				CLANG_WARN_UNREACHABLE_CODE = YES;
				CLANG_WARN__DUPLICATE_METHOD_MATCH = YES;
				"CODE_SIGN_IDENTITY[sdk=iphoneos*]" = "iPhone Developer";
				COPY_PHASE_STRIP = NO;
				DEBUG_INFORMATION_FORMAT = dwarf;
				ENABLE_STRICT_OBJC_MSGSEND = YES;
				ENABLE_TESTABILITY = YES;
				GCC_C_LANGUAGE_STANDARD = gnu99;
				GCC_DYNAMIC_NO_PIC = NO;
				GCC_NO_COMMON_BLOCKS = YES;
				GCC_OPTIMIZATION_LEVEL = 0;
				GCC_PREPROCESSOR_DEFINITIONS = (
					"DEBUG=1",
					"$(inherited)",
				);
				GCC_WARN_64_TO_32_BIT_CONVERSION = YES;
				GCC_WARN_ABOUT_RETURN_TYPE = YES_ERROR;
				GCC_WARN_UNDECLARED_SELECTOR = YES;
				GCC_WARN_UNINITIALIZED_AUTOS = YES_AGGRESSIVE;
				GCC_WARN_UNUSED_FUNCTION = YES;
				GCC_WARN_UNUSED_VARIABLE = YES;
				IPHONEOS_DEPLOYMENT_TARGET = 10.3;
				MTL_ENABLE_DEBUG_INFO = YES;
				ONLY_ACTIVE_ARCH = YES;
				SDKROOT = iphoneos;
			};
			name = Debug;
		};
		81B768B61F73544D008E99E8 /* Release */ = {
			isa = XCBuildConfiguration;
			buildSettings = {
				ALWAYS_SEARCH_USER_PATHS = NO;
				CLANG_ANALYZER_NONNULL = YES;
				CLANG_ANALYZER_NUMBER_OBJECT_CONVERSION = YES_AGGRESSIVE;
				CLANG_CXX_LANGUAGE_STANDARD = "gnu++0x";
				CLANG_CXX_LIBRARY = "libc++";
				CLANG_ENABLE_MODULES = YES;
				CLANG_ENABLE_OBJC_ARC = YES;
				CLANG_WARN_BOOL_CONVERSION = YES;
				CLANG_WARN_CONSTANT_CONVERSION = YES;
				CLANG_WARN_DIRECT_OBJC_ISA_USAGE = YES_ERROR;
				CLANG_WARN_DOCUMENTATION_COMMENTS = YES;
				CLANG_WARN_EMPTY_BODY = YES;
				CLANG_WARN_ENUM_CONVERSION = YES;
				CLANG_WARN_INFINITE_RECURSION = YES;
				CLANG_WARN_INT_CONVERSION = YES;
				CLANG_WARN_OBJC_ROOT_CLASS = YES_ERROR;
				CLANG_WARN_SUSPICIOUS_MOVE = YES;
				CLANG_WARN_UNREACHABLE_CODE = YES;
				CLANG_WARN__DUPLICATE_METHOD_MATCH = YES;
				"CODE_SIGN_IDENTITY[sdk=iphoneos*]" = "iPhone Developer";
				COPY_PHASE_STRIP = NO;
				DEBUG_INFORMATION_FORMAT = "dwarf-with-dsym";
				ENABLE_NS_ASSERTIONS = NO;
				ENABLE_STRICT_OBJC_MSGSEND = YES;
				GCC_C_LANGUAGE_STANDARD = gnu99;
				GCC_NO_COMMON_BLOCKS = YES;
				GCC_WARN_64_TO_32_BIT_CONVERSION = YES;
				GCC_WARN_ABOUT_RETURN_TYPE = YES_ERROR;
				GCC_WARN_UNDECLARED_SELECTOR = YES;
				GCC_WARN_UNINITIALIZED_AUTOS = YES_AGGRESSIVE;
				GCC_WARN_UNUSED_FUNCTION = YES;
				GCC_WARN_UNUSED_VARIABLE = YES;
				IPHONEOS_DEPLOYMENT_TARGET = 10.3;
				MTL_ENABLE_DEBUG_INFO = NO;
				SDKROOT = iphoneos;
				VALIDATE_PRODUCT = YES;
			};
			name = Release;
		};
		81B768B81F73544D008E99E8 /* Debug */ = {
			isa = XCBuildConfiguration;
			buildSettings = {
				ASSETCATALOG_COMPILER_APPICON_NAME = AppIcon;
				DEVELOPMENT_TEAM = 3RN55RZ4VG;
				INFOPLIST_FILE = "01APP标签导航控制器框架搭建demo/Info.plist";
				LD_RUNPATH_SEARCH_PATHS = "$(inherited) @executable_path/Frameworks";
				PRODUCT_BUNDLE_IDENTIFIER = "ck.-1APP-----------demo";
				PRODUCT_NAME = "$(TARGET_NAME)";
			};
			name = Debug;
		};
		81B768B91F73544D008E99E8 /* Release */ = {
			isa = XCBuildConfiguration;
			buildSettings = {
				ASSETCATALOG_COMPILER_APPICON_NAME = AppIcon;
				DEVELOPMENT_TEAM = 3RN55RZ4VG;
				INFOPLIST_FILE = "01APP标签导航控制器框架搭建demo/Info.plist";
				LD_RUNPATH_SEARCH_PATHS = "$(inherited) @executable_path/Frameworks";
				PRODUCT_BUNDLE_IDENTIFIER = "ck.-1APP-----------demo";
				PRODUCT_NAME = "$(TARGET_NAME)";
			};
			name = Release;
		};
		81B768BB1F73544D008E99E8 /* Debug */ = {
			isa = XCBuildConfiguration;
			buildSettings = {
				BUNDLE_LOADER = "$(TEST_HOST)";
				DEVELOPMENT_TEAM = 3RN55RZ4VG;
				INFOPLIST_FILE = "01APP标签导航控制器框架搭建demoTests/Info.plist";
				LD_RUNPATH_SEARCH_PATHS = "$(inherited) @executable_path/Frameworks @loader_path/Frameworks";
				PRODUCT_BUNDLE_IDENTIFIER = "ck.-1APP-----------demoTests";
				PRODUCT_NAME = "$(TARGET_NAME)";
				TEST_HOST = "$(BUILT_PRODUCTS_DIR)/01APP标签导航控制器框架搭建demo.app/01APP标签导航控制器框架搭建demo";
			};
			name = Debug;
		};
		81B768BC1F73544D008E99E8 /* Release */ = {
			isa = XCBuildConfiguration;
			buildSettings = {
				BUNDLE_LOADER = "$(TEST_HOST)";
				DEVELOPMENT_TEAM = 3RN55RZ4VG;
				INFOPLIST_FILE = "01APP标签导航控制器框架搭建demoTests/Info.plist";
				LD_RUNPATH_SEARCH_PATHS = "$(inherited) @executable_path/Frameworks @loader_path/Frameworks";
				PRODUCT_BUNDLE_IDENTIFIER = "ck.-1APP-----------demoTests";
				PRODUCT_NAME = "$(TARGET_NAME)";
				TEST_HOST = "$(BUILT_PRODUCTS_DIR)/01APP标签导航控制器框架搭建demo.app/01APP标签导航控制器框架搭建demo";
			};
			name = Release;
		};
		81B768BE1F73544D008E99E8 /* Debug */ = {
			isa = XCBuildConfiguration;
			buildSettings = {
				DEVELOPMENT_TEAM = 3RN55RZ4VG;
				INFOPLIST_FILE = "01APP标签导航控制器框架搭建demoUITests/Info.plist";
				LD_RUNPATH_SEARCH_PATHS = "$(inherited) @executable_path/Frameworks @loader_path/Frameworks";
				PRODUCT_BUNDLE_IDENTIFIER = "ck.-1APP-----------demoUITests";
				PRODUCT_NAME = "$(TARGET_NAME)";
				TEST_TARGET_NAME = "01APP标签导航控制器框架搭建demo";
			};
			name = Debug;
		};
		81B768BF1F73544D008E99E8 /* Release */ = {
			isa = XCBuildConfiguration;
			buildSettings = {
				DEVELOPMENT_TEAM = 3RN55RZ4VG;
				INFOPLIST_FILE = "01APP标签导航控制器框架搭建demoUITests/Info.plist";
				LD_RUNPATH_SEARCH_PATHS = "$(inherited) @executable_path/Frameworks @loader_path/Frameworks";
				PRODUCT_BUNDLE_IDENTIFIER = "ck.-1APP-----------demoUITests";
				PRODUCT_NAME = "$(TARGET_NAME)";
				TEST_TARGET_NAME = "01APP标签导航控制器框架搭建demo";
			};
			name = Release;
		};
/* End XCBuildConfiguration section */

/* Begin XCConfigurationList section */
		81B768851F73544D008E99E8 /* Build configuration list for PBXProject "01APP标签导航控制器框架搭建demo" */ = {
			isa = XCConfigurationList;
			buildConfigurations = (
				81B768B51F73544D008E99E8 /* Debug */,
				81B768B61F73544D008E99E8 /* Release */,
			);
			defaultConfigurationIsVisible = 0;
			defaultConfigurationName = Release;
		};
		81B768B71F73544D008E99E8 /* Build configuration list for PBXNativeTarget "01APP标签导航控制器框架搭建demo" */ = {
			isa = XCConfigurationList;
			buildConfigurations = (
				81B768B81F73544D008E99E8 /* Debug */,
				81B768B91F73544D008E99E8 /* Release */,
			);
			defaultConfigurationIsVisible = 0;
		};
		81B768BA1F73544D008E99E8 /* Build configuration list for PBXNativeTarget "01APP标签导航控制器框架搭建demoTests" */ = {
			isa = XCConfigurationList;
			buildConfigurations = (
				81B768BB1F73544D008E99E8 /* Debug */,
				81B768BC1F73544D008E99E8 /* Release */,
			);
			defaultConfigurationIsVisible = 0;
		};
		81B768BD1F73544D008E99E8 /* Build configuration list for PBXNativeTarget "01APP标签导航控制器框架搭建demoUITests" */ = {
			isa = XCConfigurationList;
			buildConfigurations = (
				81B768BE1F73544D008E99E8 /* Debug */,
				81B768BF1F73544D008E99E8 /* Release */,
			);
			defaultConfigurationIsVisible = 0;
		};
/* End XCConfigurationList section */
	};
	rootObject = 81B768821F73544D008E99E8 /* Project object */;
}
