// !$*UTF8*$!
{
	archiveVersion = 1;
	classes = {
	};
	objectVersion = 46;
	objects = {

/* Begin PBXBuildFile section */
		81B768DD1F735AF4008E99E8 /* main.m in Sources */ = {isa = PBXBuildFile; fileRef = 81B768DC1F735AF4008E99E8 /* main.m */; };
		81B768E01F735AF4008E99E8 /* AppDelegate.m in Sources */ = {isa = PBXBuildFile; fileRef = 81B768DF1F735AF4008E99E8 /* AppDelegate.m */; };
		81B768E61F735AF4008E99E8 /* Main.storyboard in Resources */ = {isa = PBXBuildFile; fileRef = 81B768E41F735AF4008E99E8 /* Main.storyboard */; };
		81B768E81F735AF4008E99E8 /* Assets.xcassets in Resources */ = {isa = PBXBuildFile; fileRef = 81B768E71F735AF4008E99E8 /* Assets.xcassets */; };
		81B768EB1F735AF4008E99E8 /* LaunchScreen.storyboard in Resources */ = {isa = PBXBuildFile; fileRef = 81B768E91F735AF4008E99E8 /* LaunchScreen.storyboard */; };
		81B768F61F735AF4008E99E8 /* _______Tests.m in Sources */ = {isa = PBXBuildFile; fileRef = 81B768F51F735AF4008E99E8 /* _______Tests.m */; };
		81B769011F735AF4008E99E8 /* _______UITests.m in Sources */ = {isa = PBXBuildFile; fileRef = 81B769001F735AF4008E99E8 /* _______UITests.m */; };
		81B769121F735B8E008E99E8 /* TabBar.m in Sources */ = {isa = PBXBuildFile; fileRef = 81B769111F735B8E008E99E8 /* TabBar.m */; };
		81B769151F735CA8008E99E8 /* JJTabBar.m in Sources */ = {isa = PBXBuildFile; fileRef = 81B769141F735CA8008E99E8 /* JJTabBar.m */; };
		81B769181F735DBE008E99E8 /* JJWbTabBarVC.m in Sources */ = {isa = PBXBuildFile; fileRef = 81B769171F735DBE008E99E8 /* JJWbTabBarVC.m */; };
/* End PBXBuildFile section */

/* Begin PBXContainerItemProxy section */
		81B768F21F735AF4008E99E8 /* PBXContainerItemProxy */ = {
			isa = PBXContainerItemProxy;
			containerPortal = 81B768D01F735AF4008E99E8 /* Project object */;
			proxyType = 1;
			remoteGlobalIDString = 81B768D71F735AF4008E99E8;
			remoteInfo = "类微博框架实现";
		};
		81B768FD1F735AF4008E99E8 /* PBXContainerItemProxy */ = {
			isa = PBXContainerItemProxy;
			containerPortal = 81B768D01F735AF4008E99E8 /* Project object */;
			proxyType = 1;
			remoteGlobalIDString = 81B768D71F735AF4008E99E8;
			remoteInfo = "类微博框架实现";
		};
/* End PBXContainerItemProxy section */

/* Begin PBXFileReference section */
		81B768D81F735AF4008E99E8 /* 类微博框架实现.app */ = {isa = PBXFileReference; explicitFileType = wrapper.application; includeInIndex = 0; path = "类微博框架实现.app"; sourceTree = BUILT_PRODUCTS_DIR; };
		81B768DC1F735AF4008E99E8 /* main.m */ = {isa = PBXFileReference; lastKnownFileType = sourcecode.c.objc; path = main.m; sourceTree = "<group>"; };
		81B768DE1F735AF4008E99E8 /* AppDelegate.h */ = {isa = PBXFileReference; lastKnownFileType = sourcecode.c.h; path = AppDelegate.h; sourceTree = "<group>"; };
		81B768DF1F735AF4008E99E8 /* AppDelegate.m */ = {isa = PBXFileReference; lastKnownFileType = sourcecode.c.objc; path = AppDelegate.m; sourceTree = "<group>"; };
		81B768E51F735AF4008E99E8 /* Base */ = {isa = PBXFileReference; lastKnownFileType = file.storyboard; name = Base; path = Base.lproj/Main.storyboard; sourceTree = "<group>"; };
		81B768E71F735AF4008E99E8 /* Assets.xcassets */ = {isa = PBXFileReference; lastKnownFileType = folder.assetcatalog; path = Assets.xcassets; sourceTree = "<group>"; };
		81B768EA1F735AF4008E99E8 /* Base */ = {isa = PBXFileReference; lastKnownFileType = file.storyboard; name = Base; path = Base.lproj/LaunchScreen.storyboard; sourceTree = "<group>"; };
		81B768EC1F735AF4008E99E8 /* Info.plist */ = {isa = PBXFileReference; lastKnownFileType = text.plist.xml; path = Info.plist; sourceTree = "<group>"; };
		81B768F11F735AF4008E99E8 /* 类微博框架实现Tests.xctest */ = {isa = PBXFileReference; explicitFileType = wrapper.cfbundle; includeInIndex = 0; path = "类微博框架实现Tests.xctest"; sourceTree = BUILT_PRODUCTS_DIR; };
		81B768F51F735AF4008E99E8 /* _______Tests.m */ = {isa = PBXFileReference; lastKnownFileType = sourcecode.c.objc; path = "_______Tests.m"; sourceTree = "<group>"; };
		81B768F71F735AF4008E99E8 /* Info.plist */ = {isa = PBXFileReference; lastKnownFileType = text.plist.xml; path = Info.plist; sourceTree = "<group>"; };
		81B768FC1F735AF4008E99E8 /* 类微博框架实现UITests.xctest */ = {isa = PBXFileReference; explicitFileType = wrapper.cfbundle; includeInIndex = 0; path = "类微博框架实现UITests.xctest"; sourceTree = BUILT_PRODUCTS_DIR; };
		81B769001F735AF4008E99E8 /* _______UITests.m */ = {isa = PBXFileReference; lastKnownFileType = sourcecode.c.objc; path = "_______UITests.m"; sourceTree = "<group>"; };
		81B769021F735AF4008E99E8 /* Info.plist */ = {isa = PBXFileReference; lastKnownFileType = text.plist.xml; path = Info.plist; sourceTree = "<group>"; };
		81B769101F735B8E008E99E8 /* TabBar.h */ = {isa = PBXFileReference; fileEncoding = 4; lastKnownFileType = sourcecode.c.h; path = TabBar.h; sourceTree = "<group>"; };
		81B769111F735B8E008E99E8 /* TabBar.m */ = {isa = PBXFileReference; fileEncoding = 4; lastKnownFileType = sourcecode.c.objc; path = TabBar.m; sourceTree = "<group>"; };
		81B769131F735CA8008E99E8 /* JJTabBar.h */ = {isa = PBXFileReference; fileEncoding = 4; lastKnownFileType = sourcecode.c.h; path = JJTabBar.h; sourceTree = "<group>"; };
		81B769141F735CA8008E99E8 /* JJTabBar.m */ = {isa = PBXFileReference; fileEncoding = 4; lastKnownFileType = sourcecode.c.objc; path = JJTabBar.m; sourceTree = "<group>"; };
		81B769161F735DBE008E99E8 /* JJWbTabBarVC.h */ = {isa = PBXFileReference; fileEncoding = 4; lastKnownFileType = sourcecode.c.h; path = JJWbTabBarVC.h; sourceTree = "<group>"; };
		81B769171F735DBE008E99E8 /* JJWbTabBarVC.m */ = {isa = PBXFileReference; fileEncoding = 4; lastKnownFileType = sourcecode.c.objc; path = JJWbTabBarVC.m; sourceTree = "<group>"; };
/* End PBXFileReference section */

/* Begin PBXFrameworksBuildPhase section */
		81B768D51F735AF4008E99E8 /* Frameworks */ = {
			isa = PBXFrameworksBuildPhase;
			buildActionMask = 2147483647;
			files = (
			);
			runOnlyForDeploymentPostprocessing = 0;
		};
		81B768EE1F735AF4008E99E8 /* Frameworks */ = {
			isa = PBXFrameworksBuildPhase;
			buildActionMask = 2147483647;
			files = (
			);
			runOnlyForDeploymentPostprocessing = 0;
		};
		81B768F91F735AF4008E99E8 /* Frameworks */ = {
			isa = PBXFrameworksBuildPhase;
			buildActionMask = 2147483647;
			files = (
			);
			runOnlyForDeploymentPostprocessing = 0;
		};
/* End PBXFrameworksBuildPhase section */

/* Begin PBXGroup section */
		81B768CF1F735AF4008E99E8 = {
			isa = PBXGroup;
			children = (
				81B768DA1F735AF4008E99E8 /* 类微博框架实现 */,
				81B768F41F735AF4008E99E8 /* 类微博框架实现Tests */,
				81B768FF1F735AF4008E99E8 /* 类微博框架实现UITests */,
				81B768D91F735AF4008E99E8 /* Products */,
			);
			sourceTree = "<group>";
		};
		81B768D91F735AF4008E99E8 /* Products */ = {
			isa = PBXGroup;
			children = (
				81B768D81F735AF4008E99E8 /* 类微博框架实现.app */,
				81B768F11F735AF4008E99E8 /* 类微博框架实现Tests.xctest */,
				81B768FC1F735AF4008E99E8 /* 类微博框架实现UITests.xctest */,
			);
			name = Products;
			sourceTree = "<group>";
		};
		81B768DA1F735AF4008E99E8 /* 类微博框架实现 */ = {
			isa = PBXGroup;
			children = (
				81B768DE1F735AF4008E99E8 /* AppDelegate.h */,
				81B768DF1F735AF4008E99E8 /* AppDelegate.m */,
				81B7690E1F735B34008E99E8 /* Controller */,
				81B7690F1F735B4F008E99E8 /* View */,
				81B768E41F735AF4008E99E8 /* Main.storyboard */,
				81B768E71F735AF4008E99E8 /* Assets.xcassets */,
				81B768E91F735AF4008E99E8 /* LaunchScreen.storyboard */,
				81B768EC1F735AF4008E99E8 /* Info.plist */,
				81B768DB1F735AF4008E99E8 /* Supporting Files */,
			);
			path = "类微博框架实现";
			sourceTree = "<group>";
		};
		81B768DB1F735AF4008E99E8 /* Supporting Files */ = {
			isa = PBXGroup;
			children = (
				81B768DC1F735AF4008E99E8 /* main.m */,
			);
			name = "Supporting Files";
			sourceTree = "<group>";
		};
		81B768F41F735AF4008E99E8 /* 类微博框架实现Tests */ = {
			isa = PBXGroup;
			children = (
				81B768F51F735AF4008E99E8 /* _______Tests.m */,
				81B768F71F735AF4008E99E8 /* Info.plist */,
			);
			path = "类微博框架实现Tests";
			sourceTree = "<group>";
		};
		81B768FF1F735AF4008E99E8 /* 类微博框架实现UITests */ = {
			isa = PBXGroup;
			children = (
				81B769001F735AF4008E99E8 /* _______UITests.m */,
				81B769021F735AF4008E99E8 /* Info.plist */,
			);
			path = "类微博框架实现UITests";
			sourceTree = "<group>";
		};
		81B7690E1F735B34008E99E8 /* Controller */ = {
			isa = PBXGroup;
			children = (
				81B769161F735DBE008E99E8 /* JJWbTabBarVC.h */,
				81B769171F735DBE008E99E8 /* JJWbTabBarVC.m */,
			);
			name = Controller;
			sourceTree = "<group>";
		};
		81B7690F1F735B4F008E99E8 /* View */ = {
			isa = PBXGroup;
			children = (
				81B769101F735B8E008E99E8 /* TabBar.h */,
				81B769111F735B8E008E99E8 /* TabBar.m */,
				81B769131F735CA8008E99E8 /* JJTabBar.h */,
				81B769141F735CA8008E99E8 /* JJTabBar.m */,
			);
			name = View;
			sourceTree = "<group>";
		};
/* End PBXGroup section */

/* Begin PBXNativeTarget section */
		81B768D71F735AF4008E99E8 /* 类微博框架实现 */ = {
			isa = PBXNativeTarget;
			buildConfigurationList = 81B769051F735AF4008E99E8 /* Build configuration list for PBXNativeTarget "类微博框架实现" */;
			buildPhases = (
				81B768D41F735AF4008E99E8 /* Sources */,
				81B768D51F735AF4008E99E8 /* Frameworks */,
				81B768D61F735AF4008E99E8 /* Resources */,
			);
			buildRules = (
			);
			dependencies = (
			);
			name = "类微博框架实现";
			productName = "类微博框架实现";
			productReference = 81B768D81F735AF4008E99E8 /* 类微博框架实现.app */;
			productType = "com.apple.product-type.application";
		};
		81B768F01F735AF4008E99E8 /* 类微博框架实现Tests */ = {
			isa = PBXNativeTarget;
			buildConfigurationList = 81B769081F735AF4008E99E8 /* Build configuration list for PBXNativeTarget "类微博框架实现Tests" */;
			buildPhases = (
				81B768ED1F735AF4008E99E8 /* Sources */,
				81B768EE1F735AF4008E99E8 /* Frameworks */,
				81B768EF1F735AF4008E99E8 /* Resources */,
			);
			buildRules = (
			);
			dependencies = (
				81B768F31F735AF4008E99E8 /* PBXTargetDependency */,
			);
			name = "类微博框架实现Tests";
			productName = "类微博框架实现Tests";
			productReference = 81B768F11F735AF4008E99E8 /* 类微博框架实现Tests.xctest */;
			productType = "com.apple.product-type.bundle.unit-test";
		};
		81B768FB1F735AF4008E99E8 /* 类微博框架实现UITests */ = {
			isa = PBXNativeTarget;
			buildConfigurationList = 81B7690B1F735AF4008E99E8 /* Build configuration list for PBXNativeTarget "类微博框架实现UITests" */;
			buildPhases = (
				81B768F81F735AF4008E99E8 /* Sources */,
				81B768F91F735AF4008E99E8 /* Frameworks */,
				81B768FA1F735AF4008E99E8 /* Resources */,
			);
			buildRules = (
			);
			dependencies = (
				81B768FE1F735AF4008E99E8 /* PBXTargetDependency */,
			);
			name = "类微博框架实现UITests";
			productName = "类微博框架实现UITests";
			productReference = 81B768FC1F735AF4008E99E8 /* 类微博框架实现UITests.xctest */;
			productType = "com.apple.product-type.bundle.ui-testing";
		};
/* End PBXNativeTarget section */

/* Begin PBXProject section */
		81B768D01F735AF4008E99E8 /* Project object */ = {
			isa = PBXProject;
			attributes = {
				LastUpgradeCheck = 0830;
				ORGANIZATIONNAME = "CK GuoZi";
				TargetAttributes = {
					81B768D71F735AF4008E99E8 = {
						CreatedOnToolsVersion = 8.3.3;
						DevelopmentTeam = 3RN55RZ4VG;
						ProvisioningStyle = Automatic;
					};
					81B768F01F735AF4008E99E8 = {
						CreatedOnToolsVersion = 8.3.3;
						DevelopmentTeam = 3RN55RZ4VG;
						ProvisioningStyle = Automatic;
						TestTargetID = 81B768D71F735AF4008E99E8;
					};
					81B768FB1F735AF4008E99E8 = {
						CreatedOnToolsVersion = 8.3.3;
						DevelopmentTeam = 3RN55RZ4VG;
						ProvisioningStyle = Automatic;
						TestTargetID = 81B768D71F735AF4008E99E8;
					};
				};
			};
			buildConfigurationList = 81B768D31F735AF4008E99E8 /* Build configuration list for PBXProject "类微博框架实现" */;
			compatibilityVersion = "Xcode 3.2";
			developmentRegion = English;
			hasScannedForEncodings = 0;
			knownRegions = (
				en,
				Base,
			);
			mainGroup = 81B768CF1F735AF4008E99E8;
			productRefGroup = 81B768D91F735AF4008E99E8 /* Products */;
			projectDirPath = "";
			projectRoot = "";
			targets = (
				81B768D71F735AF4008E99E8 /* 类微博框架实现 */,
				81B768F01F735AF4008E99E8 /* 类微博框架实现Tests */,
				81B768FB1F735AF4008E99E8 /* 类微博框架实现UITests */,
			);
		};
/* End PBXProject section */

/* Begin PBXResourcesBuildPhase section */
		81B768D61F735AF4008E99E8 /* Resources */ = {
			isa = PBXResourcesBuildPhase;
			buildActionMask = 2147483647;
			files = (
				81B768EB1F735AF4008E99E8 /* LaunchScreen.storyboard in Resources */,
				81B768E81F735AF4008E99E8 /* Assets.xcassets in Resources */,
				81B768E61F735AF4008E99E8 /* Main.storyboard in Resources */,
			);
			runOnlyForDeploymentPostprocessing = 0;
		};
		81B768EF1F735AF4008E99E8 /* Resources */ = {
			isa = PBXResourcesBuildPhase;
			buildActionMask = 2147483647;
			files = (
			);
			runOnlyForDeploymentPostprocessing = 0;
		};
		81B768FA1F735AF4008E99E8 /* Resources */ = {
			isa = PBXResourcesBuildPhase;
			buildActionMask = 2147483647;
			files = (
			);
			runOnlyForDeploymentPostprocessing = 0;
		};
/* End PBXResourcesBuildPhase section */

/* Begin PBXSourcesBuildPhase section */
		81B768D41F735AF4008E99E8 /* Sources */ = {
			isa = PBXSourcesBuildPhase;
			buildActionMask = 2147483647;
			files = (
				81B769121F735B8E008E99E8 /* TabBar.m in Sources */,
				81B769151F735CA8008E99E8 /* JJTabBar.m in Sources */,
				81B768E01F735AF4008E99E8 /* AppDelegate.m in Sources */,
				81B769181F735DBE008E99E8 /* JJWbTabBarVC.m in Sources */,
				81B768DD1F735AF4008E99E8 /* main.m in Sources */,
			);
			runOnlyForDeploymentPostprocessing = 0;
		};
		81B768ED1F735AF4008E99E8 /* Sources */ = {
			isa = PBXSourcesBuildPhase;
			buildActionMask = 2147483647;
			files = (
				81B768F61F735AF4008E99E8 /* _______Tests.m in Sources */,
			);
			runOnlyForDeploymentPostprocessing = 0;
		};
		81B768F81F735AF4008E99E8 /* Sources */ = {
			isa = PBXSourcesBuildPhase;
			buildActionMask = 2147483647;
			files = (
				81B769011F735AF4008E99E8 /* _______UITests.m in Sources */,
			);
			runOnlyForDeploymentPostprocessing = 0;
		};
/* End PBXSourcesBuildPhase section */

/* Begin PBXTargetDependency section */
		81B768F31F735AF4008E99E8 /* PBXTargetDependency */ = {
			isa = PBXTargetDependency;
			target = 81B768D71F735AF4008E99E8 /* 类微博框架实现 */;
			targetProxy = 81B768F21F735AF4008E99E8 /* PBXContainerItemProxy */;
		};
		81B768FE1F735AF4008E99E8 /* PBXTargetDependency */ = {
			isa = PBXTargetDependency;
			target = 81B768D71F735AF4008E99E8 /* 类微博框架实现 */;
			targetProxy = 81B768FD1F735AF4008E99E8 /* PBXContainerItemProxy */;
		};
/* End PBXTargetDependency section */

/* Begin PBXVariantGroup section */
		81B768E41F735AF4008E99E8 /* Main.storyboard */ = {
			isa = PBXVariantGroup;
			children = (
				81B768E51F735AF4008E99E8 /* Base */,
			);
			name = Main.storyboard;
			sourceTree = "<group>";
		};
		81B768E91F735AF4008E99E8 /* LaunchScreen.storyboard */ = {
			isa = PBXVariantGroup;
			children = (
				81B768EA1F735AF4008E99E8 /* Base */,
			);
			name = LaunchScreen.storyboard;
			sourceTree = "<group>";
		};
/* End PBXVariantGroup section */

/* Begin XCBuildConfiguration section */
		81B769031F735AF4008E99E8 /* Debug */ = {
			isa = XCBuildConfiguration;
			buildSettings = {
				ALWAYS_SEARCH_USER_PATHS = NO;
				CLANG_ANALYZER_NONNULL = YES;
				CLANG_ANALYZER_NUMBER_OBJECT_CONVERSION = YES_AGGRESSIVE;
				CLANG_CXX_LANGUAGE_STANDARD = "gnu++0x";
				CLANG_CXX_LIBRARY = "libc++";
				CLANG_ENABLE_MODULES = YES;
				CLANG_ENABLE_OBJC_ARC = YES;
				CLANG_WARN_BOOL_CONVERSION = YES;
				CLANG_WARN_CONSTANT_CONVERSION = YES;
				CLANG_WARN_DIRECT_OBJC_ISA_USAGE = YES_ERROR;
				CLANG_WARN_DOCUMENTATION_COMMENTS = YES;
				CLANG_WARN_EMPTY_BODY = YES;
				CLANG_WARN_ENUM_CONVERSION = YES;
				CLANG_WARN_INFINITE_RECURSION = YES;
				CLANG_WARN_INT_CONVERSION = YES;
				CLANG_WARN_OBJC_ROOT_CLASS = YES_ERROR;
				CLANG_WARN_SUSPICIOUS_MOVE = YES;
				CLANG_WARN_UNREACHABLE_CODE = YES;
				CLANG_WARN__DUPLICATE_METHOD_MATCH = YES;
				"CODE_SIGN_IDENTITY[sdk=iphoneos*]" = "iPhone Developer";
				COPY_PHASE_STRIP = NO;
				DEBUG_INFORMATION_FORMAT = dwarf;
				ENABLE_STRICT_OBJC_MSGSEND = YES;
				ENABLE_TESTABILITY = YES;
				GCC_C_LANGUAGE_STANDARD = gnu99;
				GCC_DYNAMIC_NO_PIC = NO;
				GCC_NO_COMMON_BLOCKS = YES;
				GCC_OPTIMIZATION_LEVEL = 0;
				GCC_PREPROCESSOR_DEFINITIONS = (
					"DEBUG=1",
					"$(inherited)",
				);
				GCC_WARN_64_TO_32_BIT_CONVERSION = YES;
				GCC_WARN_ABOUT_RETURN_TYPE = YES_ERROR;
				GCC_WARN_UNDECLARED_SELECTOR = YES;
				GCC_WARN_UNINITIALIZED_AUTOS = YES_AGGRESSIVE;
				GCC_WARN_UNUSED_FUNCTION = YES;
				GCC_WARN_UNUSED_VARIABLE = YES;
				IPHONEOS_DEPLOYMENT_TARGET = 10.3;
				MTL_ENABLE_DEBUG_INFO = YES;
				ONLY_ACTIVE_ARCH = YES;
				SDKROOT = iphoneos;
			};
			name = Debug;
		};
		81B769041F735AF4008E99E8 /* Release */ = {
			isa = XCBuildConfiguration;
			buildSettings = {
				ALWAYS_SEARCH_USER_PATHS = NO;
				CLANG_ANALYZER_NONNULL = YES;
				CLANG_ANALYZER_NUMBER_OBJECT_CONVERSION = YES_AGGRESSIVE;
				CLANG_CXX_LANGUAGE_STANDARD = "gnu++0x";
				CLANG_CXX_LIBRARY = "libc++";
				CLANG_ENABLE_MODULES = YES;
				CLANG_ENABLE_OBJC_ARC = YES;
				CLANG_WARN_BOOL_CONVERSION = YES;
				CLANG_WARN_CONSTANT_CONVERSION = YES;
				CLANG_WARN_DIRECT_OBJC_ISA_USAGE = YES_ERROR;
				CLANG_WARN_DOCUMENTATION_COMMENTS = YES;
				CLANG_WARN_EMPTY_BODY = YES;
				CLANG_WARN_ENUM_CONVERSION = YES;
				CLANG_WARN_INFINITE_RECURSION = YES;
				CLANG_WARN_INT_CONVERSION = YES;
				CLANG_WARN_OBJC_ROOT_CLASS = YES_ERROR;
				CLANG_WARN_SUSPICIOUS_MOVE = YES;
				CLANG_WARN_UNREACHABLE_CODE = YES;
				CLANG_WARN__DUPLICATE_METHOD_MATCH = YES;
				"CODE_SIGN_IDENTITY[sdk=iphoneos*]" = "iPhone Developer";
				COPY_PHASE_STRIP = NO;
				DEBUG_INFORMATION_FORMAT = "dwarf-with-dsym";
				ENABLE_NS_ASSERTIONS = NO;
				ENABLE_STRICT_OBJC_MSGSEND = YES;
				GCC_C_LANGUAGE_STANDARD = gnu99;
				GCC_NO_COMMON_BLOCKS = YES;
				GCC_WARN_64_TO_32_BIT_CONVERSION = YES;
				GCC_WARN_ABOUT_RETURN_TYPE = YES_ERROR;
				GCC_WARN_UNDECLARED_SELECTOR = YES;
				GCC_WARN_UNINITIALIZED_AUTOS = YES_AGGRESSIVE;
				GCC_WARN_UNUSED_FUNCTION = YES;
				GCC_WARN_UNUSED_VARIABLE = YES;
				IPHONEOS_DEPLOYMENT_TARGET = 10.3;
				MTL_ENABLE_DEBUG_INFO = NO;
				SDKROOT = iphoneos;
				VALIDATE_PRODUCT = YES;
			};
			name = Release;
		};
		81B769061F735AF4008E99E8 /* Debug */ = {
			isa = XCBuildConfiguration;
			buildSettings = {
				ASSETCATALOG_COMPILER_APPICON_NAME = AppIcon;
				DEVELOPMENT_TEAM = 3RN55RZ4VG;
				INFOPLIST_FILE = "类微博框架实现/Info.plist";
				LD_RUNPATH_SEARCH_PATHS = "$(inherited) @executable_path/Frameworks";
				PRODUCT_BUNDLE_IDENTIFIER = "ck.-------";
				PRODUCT_NAME = "$(TARGET_NAME)";
			};
			name = Debug;
		};
		81B769071F735AF4008E99E8 /* Release */ = {
			isa = XCBuildConfiguration;
			buildSettings = {
				ASSETCATALOG_COMPILER_APPICON_NAME = AppIcon;
				DEVELOPMENT_TEAM = 3RN55RZ4VG;
				INFOPLIST_FILE = "类微博框架实现/Info.plist";
				LD_RUNPATH_SEARCH_PATHS = "$(inherited) @executable_path/Frameworks";
				PRODUCT_BUNDLE_IDENTIFIER = "ck.-------";
				PRODUCT_NAME = "$(TARGET_NAME)";
			};
			name = Release;
		};
		81B769091F735AF4008E99E8 /* Debug */ = {
			isa = XCBuildConfiguration;
			buildSettings = {
				BUNDLE_LOADER = "$(TEST_HOST)";
				DEVELOPMENT_TEAM = 3RN55RZ4VG;
				INFOPLIST_FILE = "类微博框架实现Tests/Info.plist";
				LD_RUNPATH_SEARCH_PATHS = "$(inherited) @executable_path/Frameworks @loader_path/Frameworks";
				PRODUCT_BUNDLE_IDENTIFIER = "ck.-------Tests";
				PRODUCT_NAME = "$(TARGET_NAME)";
				TEST_HOST = "$(BUILT_PRODUCTS_DIR)/类微博框架实现.app/类微博框架实现";
			};
			name = Debug;
		};
		81B7690A1F735AF4008E99E8 /* Release */ = {
			isa = XCBuildConfiguration;
			buildSettings = {
				BUNDLE_LOADER = "$(TEST_HOST)";
				DEVELOPMENT_TEAM = 3RN55RZ4VG;
				INFOPLIST_FILE = "类微博框架实现Tests/Info.plist";
				LD_RUNPATH_SEARCH_PATHS = "$(inherited) @executable_path/Frameworks @loader_path/Frameworks";
				PRODUCT_BUNDLE_IDENTIFIER = "ck.-------Tests";
				PRODUCT_NAME = "$(TARGET_NAME)";
				TEST_HOST = "$(BUILT_PRODUCTS_DIR)/类微博框架实现.app/类微博框架实现";
			};
			name = Release;
		};
		81B7690C1F735AF4008E99E8 /* Debug */ = {
			isa = XCBuildConfiguration;
			buildSettings = {
				DEVELOPMENT_TEAM = 3RN55RZ4VG;
				INFOPLIST_FILE = "类微博框架实现UITests/Info.plist";
				LD_RUNPATH_SEARCH_PATHS = "$(inherited) @executable_path/Frameworks @loader_path/Frameworks";
				PRODUCT_BUNDLE_IDENTIFIER = "ck.-------UITests";
				PRODUCT_NAME = "$(TARGET_NAME)";
				TEST_TARGET_NAME = "类微博框架实现";
			};
			name = Debug;
		};
		81B7690D1F735AF4008E99E8 /* Release */ = {
			isa = XCBuildConfiguration;
			buildSettings = {
				DEVELOPMENT_TEAM = 3RN55RZ4VG;
				INFOPLIST_FILE = "类微博框架实现UITests/Info.plist";
				LD_RUNPATH_SEARCH_PATHS = "$(inherited) @executable_path/Frameworks @loader_path/Frameworks";
				PRODUCT_BUNDLE_IDENTIFIER = "ck.-------UITests";
				PRODUCT_NAME = "$(TARGET_NAME)";
				TEST_TARGET_NAME = "类微博框架实现";
			};
			name = Release;
		};
/* End XCBuildConfiguration section */

/* Begin XCConfigurationList section */
		81B768D31F735AF4008E99E8 /* Build configuration list for PBXProject "类微博框架实现" */ = {
			isa = XCConfigurationList;
			buildConfigurations = (
				81B769031F735AF4008E99E8 /* Debug */,
				81B769041F735AF4008E99E8 /* Release */,
			);
			defaultConfigurationIsVisible = 0;
			defaultConfigurationName = Release;
		};
		81B769051F735AF4008E99E8 /* Build configuration list for PBXNativeTarget "类微博框架实现" */ = {
			isa = XCConfigurationList;
			buildConfigurations = (
				81B769061F735AF4008E99E8 /* Debug */,
				81B769071F735AF4008E99E8 /* Release */,
			);
			defaultConfigurationIsVisible = 0;
		};
		81B769081F735AF4008E99E8 /* Build configuration list for PBXNativeTarget "类微博框架实现Tests" */ = {
			isa = XCConfigurationList;
			buildConfigurations = (
				81B769091F735AF4008E99E8 /* Debug */,
				81B7690A1F735AF4008E99E8 /* Release */,
			);
			defaultConfigurationIsVisible = 0;
		};
		81B7690B1F735AF4008E99E8 /* Build configuration list for PBXNativeTarget "类微博框架实现UITests" */ = {
			isa = XCConfigurationList;
			buildConfigurations = (
				81B7690C1F735AF4008E99E8 /* Debug */,
				81B7690D1F735AF4008E99E8 /* Release */,
			);
			defaultConfigurationIsVisible = 0;
		};
/* End XCConfigurationList section */
	};
	rootObject = 81B768D01F735AF4008E99E8 /* Project object */;
}
